
Microsoft Visual Studio Solution File, Format Version 12.00
# Visual Studio 15
VisualStudioVersion = 15.0.27703.2000
MinimumVisualStudioVersion = 10.0.40219.1
Project("{FAE04EC0-301F-11D3-BF4B-00C04F79EFBC}") = "Sarif.Viewer.LoadServiceSample", "SarifLoadSample\Sarif.Viewer.LoadServiceSample.csproj", "{9FD36041-6E35-401D-9962-D0A15D7ECE55}"
EndProject
Global
	GlobalSection(SolutionConfigurationPlatforms) = preSolution
		Debug|Any CPU = Debug|Any CPU
		Release|Any CPU = Release|Any CPU
	EndGlobalSection
	GlobalSection(ProjectConfigurationPlatforms) = postSolution
		{9FD36041-6E35-401D-9962-D0A15D7ECE55}.Debug|Any CPU.ActiveCfg = Debug|Any CPU
		{9FD36041-6E35-401D-9962-D0A15D7ECE55}.Debug|Any CPU.Build.0 = Debug|Any CPU
		{9FD36041-6E35-401D-9962-D0A15D7ECE55}.Release|Any CPU.ActiveCfg = Release|Any CPU
		{9FD36041-6E35-401D-9962-D0A15D7ECE55}.Release|Any CPU.Build.0 = Release|Any CPU
	EndGlobalSection
	GlobalSection(SolutionProperties) = preSolution
		HideSolutionNode = FALSE
	EndGlobalSection
	GlobalSection(ExtensibilityGlobals) = postSolution
		SolutionGuid = {932E9E9A-DD04-4379-8FC5-4073307328FD}
	EndGlobalSection
EndGlobal
