
Microsoft Visual Studio Solution File, Format Version 12.00
# Visual Studio 14
VisualStudioVersion = 14.0.25115.1
MinimumVisualStudioVersion = 10.0.40219.1
Project("{FAE04EC0-301F-11D3-BF4B-00C04F79EFBC}") = "Sarif", "Sarif\Sarif.csproj", "{CC9B247E-7103-4BF7-BDAB-6E625B3680A8}"
	ProjectSection(ProjectDependencies) = postProject
		{F6727C72-C40C-4A6E-BAE0-23B4B5FE7DB1} = {F6727C72-C40C-4A6E-BAE0-23B4B5FE7DB1}
	EndProjectSection
EndProject
Project("{FAE04EC0-301F-11D3-BF4B-00C04F79EFBC}") = "Sarif.UnitTests", "Sarif.UnitTests\Sarif.UnitTests.csproj", "{31A79A68-F8D2-4BA4-8575-EFB4E3DEF1DA}"
EndProject
Project("{FAE04EC0-301F-11D3-BF4B-00C04F79EFBC}") = "Sarif.FunctionalTests", "Sarif.FunctionalTests\Sarif.FunctionalTests.csproj", "{195675E6-8FDF-4A87-90A0-242DB7F46B15}"
EndProject
Project("{FAE04EC0-301F-11D3-BF4B-00C04F79EFBC}") = "ConvertToSarif", "ConvertToSarif\ConvertToSarif.csproj", "{01571290-A3F3-4AD6-8F8B-B045BFB6E55E}"
	ProjectSection(ProjectDependencies) = postProject
		{F6727C72-C40C-4A6E-BAE0-23B4B5FE7DB1} = {F6727C72-C40C-4A6E-BAE0-23B4B5FE7DB1}
	EndProjectSection
EndProject
Project("{FAE04EC0-301F-11D3-BF4B-00C04F79EFBC}") = "Sarif.Driver", "Sarif.Driver\Sarif.Driver.csproj", "{8CEAEA61-B1A2-4777-BCBE-C9A129A5F6C5}"
EndProject
Project("{FAE04EC0-301F-11D3-BF4B-00C04F79EFBC}") = "Sarif.Driver.UnitTests", "Sarif.Driver.UnitTests\Sarif.Driver.UnitTests.csproj", "{66915F7B-9872-4390-AFED-DB8DE7B761BE}"
EndProject
Project("{FAE04EC0-301F-11D3-BF4B-00C04F79EFBC}") = "Sarif.Viewer.VisualStudio", "Sarif.Viewer.VisualStudio\Sarif.Viewer.VisualStudio.csproj", "{FEBE7A56-524C-4B76-A899-23DBD8951C23}"
EndProject
Project("{8BC9CEB8-8B4A-11D0-8D11-00A0C91BC942}") = "PREfastXmlSarifConverter", "PREfastXmlSarifConverter\PREfastXmlSarifConverter.vcxproj", "{F6727C72-C40C-4A6E-BAE0-23B4B5FE7DB1}"
EndProject
Project("{8BC9CEB8-8B4A-11D0-8D11-00A0C91BC942}") = "ConvertPREfastToSarif", "PREfastXmlSarifConverter\ConvertPREfastToSarif.vcxproj", "{58E02234-551F-487C-948C-D2C354266E83}"
EndProject
Global
	GlobalSection(SolutionConfigurationPlatforms) = preSolution
		Debug|Any CPU = Debug|Any CPU
		Debug|x64 = Debug|x64
		Debug|x86 = Debug|x86
		Release|Any CPU = Release|Any CPU
		Release|x64 = Release|x64
		Release|x86 = Release|x86
	EndGlobalSection
	GlobalSection(ProjectConfigurationPlatforms) = postSolution
		{CC9B247E-7103-4BF7-BDAB-6E625B3680A8}.Debug|Any CPU.ActiveCfg = Debug|Any CPU
		{CC9B247E-7103-4BF7-BDAB-6E625B3680A8}.Debug|Any CPU.Build.0 = Debug|Any CPU
		{CC9B247E-7103-4BF7-BDAB-6E625B3680A8}.Debug|x64.ActiveCfg = Debug|x64
		{CC9B247E-7103-4BF7-BDAB-6E625B3680A8}.Debug|x64.Build.0 = Debug|x64
		{CC9B247E-7103-4BF7-BDAB-6E625B3680A8}.Debug|x86.ActiveCfg = Debug|x86
		{CC9B247E-7103-4BF7-BDAB-6E625B3680A8}.Debug|x86.Build.0 = Debug|x86
		{CC9B247E-7103-4BF7-BDAB-6E625B3680A8}.Release|Any CPU.ActiveCfg = Release|Any CPU
		{CC9B247E-7103-4BF7-BDAB-6E625B3680A8}.Release|Any CPU.Build.0 = Release|Any CPU
		{CC9B247E-7103-4BF7-BDAB-6E625B3680A8}.Release|x64.ActiveCfg = Release|x64
		{CC9B247E-7103-4BF7-BDAB-6E625B3680A8}.Release|x64.Build.0 = Release|x64
		{CC9B247E-7103-4BF7-BDAB-6E625B3680A8}.Release|x86.ActiveCfg = Release|x86
		{CC9B247E-7103-4BF7-BDAB-6E625B3680A8}.Release|x86.Build.0 = Release|x86
		{31A79A68-F8D2-4BA4-8575-EFB4E3DEF1DA}.Debug|Any CPU.ActiveCfg = Debug|Any CPU
		{31A79A68-F8D2-4BA4-8575-EFB4E3DEF1DA}.Debug|Any CPU.Build.0 = Debug|Any CPU
		{31A79A68-F8D2-4BA4-8575-EFB4E3DEF1DA}.Debug|x64.ActiveCfg = Debug|x64
		{31A79A68-F8D2-4BA4-8575-EFB4E3DEF1DA}.Debug|x64.Build.0 = Debug|x64
		{31A79A68-F8D2-4BA4-8575-EFB4E3DEF1DA}.Debug|x86.ActiveCfg = Debug|x86
		{31A79A68-F8D2-4BA4-8575-EFB4E3DEF1DA}.Debug|x86.Build.0 = Debug|x86
		{31A79A68-F8D2-4BA4-8575-EFB4E3DEF1DA}.Release|Any CPU.ActiveCfg = Release|Any CPU
		{31A79A68-F8D2-4BA4-8575-EFB4E3DEF1DA}.Release|Any CPU.Build.0 = Release|Any CPU
		{31A79A68-F8D2-4BA4-8575-EFB4E3DEF1DA}.Release|x64.ActiveCfg = Release|x64
		{31A79A68-F8D2-4BA4-8575-EFB4E3DEF1DA}.Release|x64.Build.0 = Release|x64
		{31A79A68-F8D2-4BA4-8575-EFB4E3DEF1DA}.Release|x86.ActiveCfg = Release|x86
		{31A79A68-F8D2-4BA4-8575-EFB4E3DEF1DA}.Release|x86.Build.0 = Release|x86
		{195675E6-8FDF-4A87-90A0-242DB7F46B15}.Debug|Any CPU.ActiveCfg = Debug|Any CPU
		{195675E6-8FDF-4A87-90A0-242DB7F46B15}.Debug|Any CPU.Build.0 = Debug|Any CPU
		{195675E6-8FDF-4A87-90A0-242DB7F46B15}.Debug|x64.ActiveCfg = Debug|x64
		{195675E6-8FDF-4A87-90A0-242DB7F46B15}.Debug|x64.Build.0 = Debug|x64
		{195675E6-8FDF-4A87-90A0-242DB7F46B15}.Debug|x86.ActiveCfg = Debug|x86
		{195675E6-8FDF-4A87-90A0-242DB7F46B15}.Debug|x86.Build.0 = Debug|x86
		{195675E6-8FDF-4A87-90A0-242DB7F46B15}.Release|Any CPU.ActiveCfg = Release|Any CPU
		{195675E6-8FDF-4A87-90A0-242DB7F46B15}.Release|Any CPU.Build.0 = Release|Any CPU
		{195675E6-8FDF-4A87-90A0-242DB7F46B15}.Release|x64.ActiveCfg = Release|x64
		{195675E6-8FDF-4A87-90A0-242DB7F46B15}.Release|x64.Build.0 = Release|x64
		{195675E6-8FDF-4A87-90A0-242DB7F46B15}.Release|x86.ActiveCfg = Release|x86
		{195675E6-8FDF-4A87-90A0-242DB7F46B15}.Release|x86.Build.0 = Release|x86
		{01571290-A3F3-4AD6-8F8B-B045BFB6E55E}.Debug|Any CPU.ActiveCfg = Debug|Any CPU
		{01571290-A3F3-4AD6-8F8B-B045BFB6E55E}.Debug|Any CPU.Build.0 = Debug|Any CPU
		{01571290-A3F3-4AD6-8F8B-B045BFB6E55E}.Debug|x64.ActiveCfg = Debug|Any CPU
		{01571290-A3F3-4AD6-8F8B-B045BFB6E55E}.Debug|x64.Build.0 = Debug|Any CPU
		{01571290-A3F3-4AD6-8F8B-B045BFB6E55E}.Debug|x86.ActiveCfg = Debug|Any CPU
		{01571290-A3F3-4AD6-8F8B-B045BFB6E55E}.Debug|x86.Build.0 = Debug|Any CPU
		{01571290-A3F3-4AD6-8F8B-B045BFB6E55E}.Release|Any CPU.ActiveCfg = Release|Any CPU
		{01571290-A3F3-4AD6-8F8B-B045BFB6E55E}.Release|Any CPU.Build.0 = Release|Any CPU
		{01571290-A3F3-4AD6-8F8B-B045BFB6E55E}.Release|x64.ActiveCfg = Release|Any CPU
		{01571290-A3F3-4AD6-8F8B-B045BFB6E55E}.Release|x64.Build.0 = Release|Any CPU
		{01571290-A3F3-4AD6-8F8B-B045BFB6E55E}.Release|x86.ActiveCfg = Release|Any CPU
		{01571290-A3F3-4AD6-8F8B-B045BFB6E55E}.Release|x86.Build.0 = Release|Any CPU
		{8CEAEA61-B1A2-4777-BCBE-C9A129A5F6C5}.Debug|Any CPU.ActiveCfg = Debug|Any CPU
		{8CEAEA61-B1A2-4777-BCBE-C9A129A5F6C5}.Debug|Any CPU.Build.0 = Debug|Any CPU
		{8CEAEA61-B1A2-4777-BCBE-C9A129A5F6C5}.Debug|x64.ActiveCfg = Debug|x64
		{8CEAEA61-B1A2-4777-BCBE-C9A129A5F6C5}.Debug|x64.Build.0 = Debug|x64
		{8CEAEA61-B1A2-4777-BCBE-C9A129A5F6C5}.Debug|x86.ActiveCfg = Debug|x86
		{8CEAEA61-B1A2-4777-BCBE-C9A129A5F6C5}.Debug|x86.Build.0 = Debug|x86
		{8CEAEA61-B1A2-4777-BCBE-C9A129A5F6C5}.Release|Any CPU.ActiveCfg = Release|Any CPU
		{8CEAEA61-B1A2-4777-BCBE-C9A129A5F6C5}.Release|Any CPU.Build.0 = Release|Any CPU
		{8CEAEA61-B1A2-4777-BCBE-C9A129A5F6C5}.Release|x64.ActiveCfg = Release|x64
		{8CEAEA61-B1A2-4777-BCBE-C9A129A5F6C5}.Release|x64.Build.0 = Release|x64
		{8CEAEA61-B1A2-4777-BCBE-C9A129A5F6C5}.Release|x86.ActiveCfg = Release|x86
		{8CEAEA61-B1A2-4777-BCBE-C9A129A5F6C5}.Release|x86.Build.0 = Release|x86
		{66915F7B-9872-4390-AFED-DB8DE7B761BE}.Debug|Any CPU.ActiveCfg = Debug|Any CPU
		{66915F7B-9872-4390-AFED-DB8DE7B761BE}.Debug|Any CPU.Build.0 = Debug|Any CPU
		{66915F7B-9872-4390-AFED-DB8DE7B761BE}.Debug|x64.ActiveCfg = Debug|x64
		{66915F7B-9872-4390-AFED-DB8DE7B761BE}.Debug|x64.Build.0 = Debug|x64
		{66915F7B-9872-4390-AFED-DB8DE7B761BE}.Debug|x86.ActiveCfg = Debug|x86
		{66915F7B-9872-4390-AFED-DB8DE7B761BE}.Debug|x86.Build.0 = Debug|x86
		{66915F7B-9872-4390-AFED-DB8DE7B761BE}.Release|Any CPU.ActiveCfg = Release|Any CPU
		{66915F7B-9872-4390-AFED-DB8DE7B761BE}.Release|Any CPU.Build.0 = Release|Any CPU
		{66915F7B-9872-4390-AFED-DB8DE7B761BE}.Release|x64.ActiveCfg = Release|x64
		{66915F7B-9872-4390-AFED-DB8DE7B761BE}.Release|x64.Build.0 = Release|x64
		{66915F7B-9872-4390-AFED-DB8DE7B761BE}.Release|x86.ActiveCfg = Release|x86
		{66915F7B-9872-4390-AFED-DB8DE7B761BE}.Release|x86.Build.0 = Release|x86
		{FEBE7A56-524C-4B76-A899-23DBD8951C23}.Debug|Any CPU.ActiveCfg = Debug|Any CPU
		{FEBE7A56-524C-4B76-A899-23DBD8951C23}.Debug|Any CPU.Build.0 = Debug|Any CPU
		{FEBE7A56-524C-4B76-A899-23DBD8951C23}.Debug|x64.ActiveCfg = Debug|x64
		{FEBE7A56-524C-4B76-A899-23DBD8951C23}.Debug|x64.Build.0 = Debug|x64
		{FEBE7A56-524C-4B76-A899-23DBD8951C23}.Debug|x86.ActiveCfg = Debug|x86
		{FEBE7A56-524C-4B76-A899-23DBD8951C23}.Debug|x86.Build.0 = Debug|x86
		{FEBE7A56-524C-4B76-A899-23DBD8951C23}.Release|Any CPU.ActiveCfg = Release|Any CPU
		{FEBE7A56-524C-4B76-A899-23DBD8951C23}.Release|Any CPU.Build.0 = Release|Any CPU
		{FEBE7A56-524C-4B76-A899-23DBD8951C23}.Release|x64.ActiveCfg = Release|x64
		{FEBE7A56-524C-4B76-A899-23DBD8951C23}.Release|x64.Build.0 = Release|x64
		{FEBE7A56-524C-4B76-A899-23DBD8951C23}.Release|x86.ActiveCfg = Release|x86
		{FEBE7A56-524C-4B76-A899-23DBD8951C23}.Release|x86.Build.0 = Release|x86
		{F6727C72-C40C-4A6E-BAE0-23B4B5FE7DB1}.Debug|Any CPU.ActiveCfg = Debug|Win32
		{F6727C72-C40C-4A6E-BAE0-23B4B5FE7DB1}.Debug|Any CPU.Build.0 = Debug|Win32
		{F6727C72-C40C-4A6E-BAE0-23B4B5FE7DB1}.Debug|x64.ActiveCfg = Debug|x64
		{F6727C72-C40C-4A6E-BAE0-23B4B5FE7DB1}.Debug|x64.Build.0 = Debug|x64
		{F6727C72-C40C-4A6E-BAE0-23B4B5FE7DB1}.Debug|x86.ActiveCfg = Debug|Win32
		{F6727C72-C40C-4A6E-BAE0-23B4B5FE7DB1}.Debug|x86.Build.0 = Debug|Win32
		{F6727C72-C40C-4A6E-BAE0-23B4B5FE7DB1}.Release|Any CPU.ActiveCfg = Release|Win32
		{F6727C72-C40C-4A6E-BAE0-23B4B5FE7DB1}.Release|Any CPU.Build.0 = Release|Win32
		{F6727C72-C40C-4A6E-BAE0-23B4B5FE7DB1}.Release|x64.ActiveCfg = Release|x64
		{F6727C72-C40C-4A6E-BAE0-23B4B5FE7DB1}.Release|x64.Build.0 = Release|x64
		{F6727C72-C40C-4A6E-BAE0-23B4B5FE7DB1}.Release|x86.ActiveCfg = Release|Win32
		{F6727C72-C40C-4A6E-BAE0-23B4B5FE7DB1}.Release|x86.Build.0 = Release|Win32
		{58E02234-551F-487C-948C-D2C354266E83}.Debug|Any CPU.ActiveCfg = Debug|Win32
		{58E02234-551F-487C-948C-D2C354266E83}.Debug|Any CPU.Build.0 = Debug|Win32
		{58E02234-551F-487C-948C-D2C354266E83}.Debug|x64.ActiveCfg = Debug|x64
		{58E02234-551F-487C-948C-D2C354266E83}.Debug|x64.Build.0 = Debug|x64
		{58E02234-551F-487C-948C-D2C354266E83}.Debug|x86.ActiveCfg = Debug|Win32
		{58E02234-551F-487C-948C-D2C354266E83}.Debug|x86.Build.0 = Debug|Win32
		{58E02234-551F-487C-948C-D2C354266E83}.Release|Any CPU.ActiveCfg = Release|Win32
		{58E02234-551F-487C-948C-D2C354266E83}.Release|Any CPU.Build.0 = Release|Win32
		{58E02234-551F-487C-948C-D2C354266E83}.Release|x64.ActiveCfg = Release|x64
		{58E02234-551F-487C-948C-D2C354266E83}.Release|x64.Build.0 = Release|x64
		{58E02234-551F-487C-948C-D2C354266E83}.Release|x86.ActiveCfg = Release|Win32
		{58E02234-551F-487C-948C-D2C354266E83}.Release|x86.Build.0 = Release|Win32
	EndGlobalSection
	GlobalSection(SolutionProperties) = preSolution
		HideSolutionNode = FALSE
	EndGlobalSection
EndGlobal
