Microsoft Visual Studio Solution File, Format Version 12.00
# Visual Studio 15
VisualStudioVersion = 15.0.27130.2010
MinimumVisualStudioVersion = 15.0.26124.0
Project("{9A19103F-16F7-4668-BE54-9A1E7A4F7556}") = "Sarif", "Sarif\Sarif.csproj", "{AE5D124A-9A94-47EC-AE4E-7EC74FBCDCDE}"
EndProject
Project("{9A19103F-16F7-4668-BE54-9A1E7A4F7556}") = "Sarif.Converters", "Sarif.Converters\Sarif.Converters.csproj", "{3C3440C3-7AFE-4BD9-B281-0B6686E03BF6}"
EndProject
Project("{9A19103F-16F7-4668-BE54-9A1E7A4F7556}") = "Sarif.Driver", "Sarif.Driver\Sarif.Driver.csproj", "{47572A87-7567-41F7-A32B-1F1E09603FD4}"
EndProject
Project("{9A19103F-16F7-4668-BE54-9A1E7A4F7556}") = "Sarif.TestUtilities", "Sarif.TestUtilities\Sarif.TestUtilities.csproj", "{92E39215-69EE-4A40-83CF-87FB7EEC1F94}"
EndProject
Project("{9A19103F-16F7-4668-BE54-9A1E7A4F7556}") = "Sarif.UnitTests", "Sarif.UnitTests\Sarif.UnitTests.csproj", "{A55DA826-1FFA-49FB-BABA-6F3097D74D15}"
EndProject
Project("{9A19103F-16F7-4668-BE54-9A1E7A4F7556}") = "Sarif.Converters.UnitTests", "Sarif.Converters.UnitTests\Sarif.Converters.UnitTests.csproj", "{74D194EA-5CF3-47BA-B908-FF41B9D620A3}"
EndProject
Project("{9A19103F-16F7-4668-BE54-9A1E7A4F7556}") = "Sarif.Driver.UnitTests", "Sarif.Driver.UnitTests\Sarif.Driver.UnitTests.csproj", "{C7D3702B-77AF-4501-BF54-A2668A17C963}"
EndProject
Project("{9A19103F-16F7-4668-BE54-9A1E7A4F7556}") = "Sarif.ValidationTests", "Sarif.ValidationTests\Sarif.ValidationTests.csproj", "{E889F235-C2A8-4764-BB37-22472A17AEE8}"
EndProject
Project("{9A19103F-16F7-4668-BE54-9A1E7A4F7556}") = "Sarif.Multitool", "Sarif.Multitool\Sarif.Multitool.csproj", "{1FED4888-A6D8-4B4C-95D1-CB8260256139}"
EndProject
Project("{9A19103F-16F7-4668-BE54-9A1E7A4F7556}") = "Sarif.FunctionalTests", "Sarif.FunctionalTests\Sarif.FunctionalTests.csproj", "{387FE281-8726-4374-AE65-70CCD998C476}"
EndProject
Project("{9A19103F-16F7-4668-BE54-9A1E7A4F7556}") = "Sarif.Multitool.FunctionalTests", "Sarif.Multitool.FunctionalTests\Sarif.Multitool.FunctionalTests.csproj", "{859920F3-DB09-4C1D-9EAD-DFB1D7A03A46}"
EndProject
Project("{FAE04EC0-301F-11D3-BF4B-00C04F79EFBC}") = "Sarif.Viewer.VisualStudio", "Sarif.Viewer.VisualStudio\Sarif.Viewer.VisualStudio.csproj", "{689AF24B-33F0-44E9-AA2E-FACA775736A8}"
EndProject
Project("{FAE04EC0-301F-11D3-BF4B-00C04F79EFBC}") = "Sarif.Viewer.VisualStudio.UnitTests", "Sarif.Viewer.VisualStudio.UnitTests\Sarif.Viewer.VisualStudio.UnitTests.csproj", "{D0210D4B-32A8-46CA-8BA4-0703517481B4}"
EndProject
Global
	GlobalSection(SolutionConfigurationPlatforms) = preSolution
		Debug|Any CPU = Debug|Any CPU
		Debug|x64 = Debug|x64
		Debug|x86 = Debug|x86
		Release|Any CPU = Release|Any CPU
		Release|x64 = Release|x64
		Release|x86 = Release|x86
	EndGlobalSection
	GlobalSection(ProjectConfigurationPlatforms) = postSolution
		{AE5D124A-9A94-47EC-AE4E-7EC74FBCDCDE}.Debug|Any CPU.ActiveCfg = Debug|Any CPU
		{AE5D124A-9A94-47EC-AE4E-7EC74FBCDCDE}.Debug|Any CPU.Build.0 = Debug|Any CPU
		{AE5D124A-9A94-47EC-AE4E-7EC74FBCDCDE}.Debug|x64.ActiveCfg = Debug|Any CPU
		{AE5D124A-9A94-47EC-AE4E-7EC74FBCDCDE}.Debug|x64.Build.0 = Debug|Any CPU
		{AE5D124A-9A94-47EC-AE4E-7EC74FBCDCDE}.Debug|x86.ActiveCfg = Debug|Any CPU
		{AE5D124A-9A94-47EC-AE4E-7EC74FBCDCDE}.Debug|x86.Build.0 = Debug|Any CPU
		{AE5D124A-9A94-47EC-AE4E-7EC74FBCDCDE}.Release|Any CPU.ActiveCfg = Release|Any CPU
		{AE5D124A-9A94-47EC-AE4E-7EC74FBCDCDE}.Release|Any CPU.Build.0 = Release|Any CPU
		{AE5D124A-9A94-47EC-AE4E-7EC74FBCDCDE}.Release|x64.ActiveCfg = Release|Any CPU
		{AE5D124A-9A94-47EC-AE4E-7EC74FBCDCDE}.Release|x64.Build.0 = Release|Any CPU
		{AE5D124A-9A94-47EC-AE4E-7EC74FBCDCDE}.Release|x86.ActiveCfg = Release|Any CPU
		{AE5D124A-9A94-47EC-AE4E-7EC74FBCDCDE}.Release|x86.Build.0 = Release|Any CPU
		{3C3440C3-7AFE-4BD9-B281-0B6686E03BF6}.Debug|Any CPU.ActiveCfg = Debug|Any CPU
		{3C3440C3-7AFE-4BD9-B281-0B6686E03BF6}.Debug|Any CPU.Build.0 = Debug|Any CPU
		{3C3440C3-7AFE-4BD9-B281-0B6686E03BF6}.Debug|x64.ActiveCfg = Debug|Any CPU
		{3C3440C3-7AFE-4BD9-B281-0B6686E03BF6}.Debug|x64.Build.0 = Debug|Any CPU
		{3C3440C3-7AFE-4BD9-B281-0B6686E03BF6}.Debug|x86.ActiveCfg = Debug|Any CPU
		{3C3440C3-7AFE-4BD9-B281-0B6686E03BF6}.Debug|x86.Build.0 = Debug|Any CPU
		{3C3440C3-7AFE-4BD9-B281-0B6686E03BF6}.Release|Any CPU.ActiveCfg = Release|Any CPU
		{3C3440C3-7AFE-4BD9-B281-0B6686E03BF6}.Release|Any CPU.Build.0 = Release|Any CPU
		{3C3440C3-7AFE-4BD9-B281-0B6686E03BF6}.Release|x64.ActiveCfg = Release|Any CPU
		{3C3440C3-7AFE-4BD9-B281-0B6686E03BF6}.Release|x64.Build.0 = Release|Any CPU
		{3C3440C3-7AFE-4BD9-B281-0B6686E03BF6}.Release|x86.ActiveCfg = Release|Any CPU
		{3C3440C3-7AFE-4BD9-B281-0B6686E03BF6}.Release|x86.Build.0 = Release|Any CPU
		{47572A87-7567-41F7-A32B-1F1E09603FD4}.Debug|Any CPU.ActiveCfg = Debug|Any CPU
		{47572A87-7567-41F7-A32B-1F1E09603FD4}.Debug|Any CPU.Build.0 = Debug|Any CPU
		{47572A87-7567-41F7-A32B-1F1E09603FD4}.Debug|x64.ActiveCfg = Debug|Any CPU
		{47572A87-7567-41F7-A32B-1F1E09603FD4}.Debug|x64.Build.0 = Debug|Any CPU
		{47572A87-7567-41F7-A32B-1F1E09603FD4}.Debug|x86.ActiveCfg = Debug|Any CPU
		{47572A87-7567-41F7-A32B-1F1E09603FD4}.Debug|x86.Build.0 = Debug|Any CPU
		{47572A87-7567-41F7-A32B-1F1E09603FD4}.Release|Any CPU.ActiveCfg = Release|Any CPU
		{47572A87-7567-41F7-A32B-1F1E09603FD4}.Release|Any CPU.Build.0 = Release|Any CPU
		{47572A87-7567-41F7-A32B-1F1E09603FD4}.Release|x64.ActiveCfg = Release|Any CPU
		{47572A87-7567-41F7-A32B-1F1E09603FD4}.Release|x64.Build.0 = Release|Any CPU
		{47572A87-7567-41F7-A32B-1F1E09603FD4}.Release|x86.ActiveCfg = Release|Any CPU
		{47572A87-7567-41F7-A32B-1F1E09603FD4}.Release|x86.Build.0 = Release|Any CPU
		{92E39215-69EE-4A40-83CF-87FB7EEC1F94}.Debug|Any CPU.ActiveCfg = Debug|Any CPU
		{92E39215-69EE-4A40-83CF-87FB7EEC1F94}.Debug|Any CPU.Build.0 = Debug|Any CPU
		{92E39215-69EE-4A40-83CF-87FB7EEC1F94}.Debug|x64.ActiveCfg = Debug|Any CPU
		{92E39215-69EE-4A40-83CF-87FB7EEC1F94}.Debug|x64.Build.0 = Debug|Any CPU
		{92E39215-69EE-4A40-83CF-87FB7EEC1F94}.Debug|x86.ActiveCfg = Debug|Any CPU
		{92E39215-69EE-4A40-83CF-87FB7EEC1F94}.Debug|x86.Build.0 = Debug|Any CPU
		{92E39215-69EE-4A40-83CF-87FB7EEC1F94}.Release|Any CPU.ActiveCfg = Release|Any CPU
		{92E39215-69EE-4A40-83CF-87FB7EEC1F94}.Release|Any CPU.Build.0 = Release|Any CPU
		{92E39215-69EE-4A40-83CF-87FB7EEC1F94}.Release|x64.ActiveCfg = Release|Any CPU
		{92E39215-69EE-4A40-83CF-87FB7EEC1F94}.Release|x64.Build.0 = Release|Any CPU
		{92E39215-69EE-4A40-83CF-87FB7EEC1F94}.Release|x86.ActiveCfg = Release|Any CPU
		{92E39215-69EE-4A40-83CF-87FB7EEC1F94}.Release|x86.Build.0 = Release|Any CPU
		{A55DA826-1FFA-49FB-BABA-6F3097D74D15}.Debug|Any CPU.ActiveCfg = Debug|Any CPU
		{A55DA826-1FFA-49FB-BABA-6F3097D74D15}.Debug|Any CPU.Build.0 = Debug|Any CPU
		{A55DA826-1FFA-49FB-BABA-6F3097D74D15}.Debug|x64.ActiveCfg = Debug|Any CPU
		{A55DA826-1FFA-49FB-BABA-6F3097D74D15}.Debug|x64.Build.0 = Debug|Any CPU
		{A55DA826-1FFA-49FB-BABA-6F3097D74D15}.Debug|x86.ActiveCfg = Debug|Any CPU
		{A55DA826-1FFA-49FB-BABA-6F3097D74D15}.Debug|x86.Build.0 = Debug|Any CPU
		{A55DA826-1FFA-49FB-BABA-6F3097D74D15}.Release|Any CPU.ActiveCfg = Release|Any CPU
		{A55DA826-1FFA-49FB-BABA-6F3097D74D15}.Release|Any CPU.Build.0 = Release|Any CPU
		{A55DA826-1FFA-49FB-BABA-6F3097D74D15}.Release|x64.ActiveCfg = Release|Any CPU
		{A55DA826-1FFA-49FB-BABA-6F3097D74D15}.Release|x64.Build.0 = Release|Any CPU
		{A55DA826-1FFA-49FB-BABA-6F3097D74D15}.Release|x86.ActiveCfg = Release|Any CPU
		{A55DA826-1FFA-49FB-BABA-6F3097D74D15}.Release|x86.Build.0 = Release|Any CPU
		{74D194EA-5CF3-47BA-B908-FF41B9D620A3}.Debug|Any CPU.ActiveCfg = Debug|Any CPU
		{74D194EA-5CF3-47BA-B908-FF41B9D620A3}.Debug|Any CPU.Build.0 = Debug|Any CPU
		{74D194EA-5CF3-47BA-B908-FF41B9D620A3}.Debug|x64.ActiveCfg = Debug|Any CPU
		{74D194EA-5CF3-47BA-B908-FF41B9D620A3}.Debug|x64.Build.0 = Debug|Any CPU
		{74D194EA-5CF3-47BA-B908-FF41B9D620A3}.Debug|x86.ActiveCfg = Debug|Any CPU
		{74D194EA-5CF3-47BA-B908-FF41B9D620A3}.Debug|x86.Build.0 = Debug|Any CPU
		{74D194EA-5CF3-47BA-B908-FF41B9D620A3}.Release|Any CPU.ActiveCfg = Release|Any CPU
		{74D194EA-5CF3-47BA-B908-FF41B9D620A3}.Release|Any CPU.Build.0 = Release|Any CPU
		{74D194EA-5CF3-47BA-B908-FF41B9D620A3}.Release|x64.ActiveCfg = Release|Any CPU
		{74D194EA-5CF3-47BA-B908-FF41B9D620A3}.Release|x64.Build.0 = Release|Any CPU
		{74D194EA-5CF3-47BA-B908-FF41B9D620A3}.Release|x86.ActiveCfg = Release|Any CPU
		{74D194EA-5CF3-47BA-B908-FF41B9D620A3}.Release|x86.Build.0 = Release|Any CPU
		{C7D3702B-77AF-4501-BF54-A2668A17C963}.Debug|Any CPU.ActiveCfg = Debug|Any CPU
		{C7D3702B-77AF-4501-BF54-A2668A17C963}.Debug|Any CPU.Build.0 = Debug|Any CPU
		{C7D3702B-77AF-4501-BF54-A2668A17C963}.Debug|x64.ActiveCfg = Debug|Any CPU
		{C7D3702B-77AF-4501-BF54-A2668A17C963}.Debug|x64.Build.0 = Debug|Any CPU
		{C7D3702B-77AF-4501-BF54-A2668A17C963}.Debug|x86.ActiveCfg = Debug|Any CPU
		{C7D3702B-77AF-4501-BF54-A2668A17C963}.Debug|x86.Build.0 = Debug|Any CPU
		{C7D3702B-77AF-4501-BF54-A2668A17C963}.Release|Any CPU.ActiveCfg = Release|Any CPU
		{C7D3702B-77AF-4501-BF54-A2668A17C963}.Release|Any CPU.Build.0 = Release|Any CPU
		{C7D3702B-77AF-4501-BF54-A2668A17C963}.Release|x64.ActiveCfg = Release|Any CPU
		{C7D3702B-77AF-4501-BF54-A2668A17C963}.Release|x64.Build.0 = Release|Any CPU
		{C7D3702B-77AF-4501-BF54-A2668A17C963}.Release|x86.ActiveCfg = Release|Any CPU
		{C7D3702B-77AF-4501-BF54-A2668A17C963}.Release|x86.Build.0 = Release|Any CPU
		{E889F235-C2A8-4764-BB37-22472A17AEE8}.Debug|Any CPU.ActiveCfg = Debug|Any CPU
		{E889F235-C2A8-4764-BB37-22472A17AEE8}.Debug|Any CPU.Build.0 = Debug|Any CPU
		{E889F235-C2A8-4764-BB37-22472A17AEE8}.Debug|x64.ActiveCfg = Debug|Any CPU
		{E889F235-C2A8-4764-BB37-22472A17AEE8}.Debug|x64.Build.0 = Debug|Any CPU
		{E889F235-C2A8-4764-BB37-22472A17AEE8}.Debug|x86.ActiveCfg = Debug|Any CPU
		{E889F235-C2A8-4764-BB37-22472A17AEE8}.Debug|x86.Build.0 = Debug|Any CPU
		{E889F235-C2A8-4764-BB37-22472A17AEE8}.Release|Any CPU.ActiveCfg = Release|Any CPU
		{E889F235-C2A8-4764-BB37-22472A17AEE8}.Release|Any CPU.Build.0 = Release|Any CPU
		{E889F235-C2A8-4764-BB37-22472A17AEE8}.Release|x64.ActiveCfg = Release|Any CPU
		{E889F235-C2A8-4764-BB37-22472A17AEE8}.Release|x64.Build.0 = Release|Any CPU
		{E889F235-C2A8-4764-BB37-22472A17AEE8}.Release|x86.ActiveCfg = Release|Any CPU
		{E889F235-C2A8-4764-BB37-22472A17AEE8}.Release|x86.Build.0 = Release|Any CPU
		{1FED4888-A6D8-4B4C-95D1-CB8260256139}.Debug|Any CPU.ActiveCfg = Debug|Any CPU
		{1FED4888-A6D8-4B4C-95D1-CB8260256139}.Debug|Any CPU.Build.0 = Debug|Any CPU
		{1FED4888-A6D8-4B4C-95D1-CB8260256139}.Debug|x64.ActiveCfg = Debug|Any CPU
		{1FED4888-A6D8-4B4C-95D1-CB8260256139}.Debug|x64.Build.0 = Debug|Any CPU
		{1FED4888-A6D8-4B4C-95D1-CB8260256139}.Debug|x86.ActiveCfg = Debug|Any CPU
		{1FED4888-A6D8-4B4C-95D1-CB8260256139}.Debug|x86.Build.0 = Debug|Any CPU
		{1FED4888-A6D8-4B4C-95D1-CB8260256139}.Release|Any CPU.ActiveCfg = Release|Any CPU
		{1FED4888-A6D8-4B4C-95D1-CB8260256139}.Release|Any CPU.Build.0 = Release|Any CPU
		{1FED4888-A6D8-4B4C-95D1-CB8260256139}.Release|x64.ActiveCfg = Release|Any CPU
		{1FED4888-A6D8-4B4C-95D1-CB8260256139}.Release|x64.Build.0 = Release|Any CPU
		{1FED4888-A6D8-4B4C-95D1-CB8260256139}.Release|x86.ActiveCfg = Release|Any CPU
		{1FED4888-A6D8-4B4C-95D1-CB8260256139}.Release|x86.Build.0 = Release|Any CPU
		{387FE281-8726-4374-AE65-70CCD998C476}.Debug|Any CPU.ActiveCfg = Debug|Any CPU
		{387FE281-8726-4374-AE65-70CCD998C476}.Debug|Any CPU.Build.0 = Debug|Any CPU
		{387FE281-8726-4374-AE65-70CCD998C476}.Debug|x64.ActiveCfg = Debug|Any CPU
		{387FE281-8726-4374-AE65-70CCD998C476}.Debug|x64.Build.0 = Debug|Any CPU
		{387FE281-8726-4374-AE65-70CCD998C476}.Debug|x86.ActiveCfg = Debug|Any CPU
		{387FE281-8726-4374-AE65-70CCD998C476}.Debug|x86.Build.0 = Debug|Any CPU
		{387FE281-8726-4374-AE65-70CCD998C476}.Release|Any CPU.ActiveCfg = Release|Any CPU
		{387FE281-8726-4374-AE65-70CCD998C476}.Release|Any CPU.Build.0 = Release|Any CPU
		{387FE281-8726-4374-AE65-70CCD998C476}.Release|x64.ActiveCfg = Release|Any CPU
		{387FE281-8726-4374-AE65-70CCD998C476}.Release|x64.Build.0 = Release|Any CPU
		{387FE281-8726-4374-AE65-70CCD998C476}.Release|x86.ActiveCfg = Release|Any CPU
		{387FE281-8726-4374-AE65-70CCD998C476}.Release|x86.Build.0 = Release|Any CPU
		{859920F3-DB09-4C1D-9EAD-DFB1D7A03A46}.Debug|Any CPU.ActiveCfg = Debug|Any CPU
		{859920F3-DB09-4C1D-9EAD-DFB1D7A03A46}.Debug|Any CPU.Build.0 = Debug|Any CPU
		{859920F3-DB09-4C1D-9EAD-DFB1D7A03A46}.Debug|x64.ActiveCfg = Debug|Any CPU
		{859920F3-DB09-4C1D-9EAD-DFB1D7A03A46}.Debug|x64.Build.0 = Debug|Any CPU
		{859920F3-DB09-4C1D-9EAD-DFB1D7A03A46}.Debug|x86.ActiveCfg = Debug|Any CPU
		{859920F3-DB09-4C1D-9EAD-DFB1D7A03A46}.Debug|x86.Build.0 = Debug|Any CPU
		{859920F3-DB09-4C1D-9EAD-DFB1D7A03A46}.Release|Any CPU.ActiveCfg = Release|Any CPU
		{859920F3-DB09-4C1D-9EAD-DFB1D7A03A46}.Release|Any CPU.Build.0 = Release|Any CPU
		{859920F3-DB09-4C1D-9EAD-DFB1D7A03A46}.Release|x64.ActiveCfg = Release|Any CPU
		{859920F3-DB09-4C1D-9EAD-DFB1D7A03A46}.Release|x64.Build.0 = Release|Any CPU
		{859920F3-DB09-4C1D-9EAD-DFB1D7A03A46}.Release|x86.ActiveCfg = Release|Any CPU
		{859920F3-DB09-4C1D-9EAD-DFB1D7A03A46}.Release|x86.Build.0 = Release|Any CPU
		{689AF24B-33F0-44E9-AA2E-FACA775736A8}.Debug|Any CPU.ActiveCfg = Debug|Any CPU
		{689AF24B-33F0-44E9-AA2E-FACA775736A8}.Debug|Any CPU.Build.0 = Debug|Any CPU
		{689AF24B-33F0-44E9-AA2E-FACA775736A8}.Debug|x64.ActiveCfg = Debug|x64
		{689AF24B-33F0-44E9-AA2E-FACA775736A8}.Debug|x64.Build.0 = Debug|x64
		{689AF24B-33F0-44E9-AA2E-FACA775736A8}.Debug|x86.ActiveCfg = Debug|x86
		{689AF24B-33F0-44E9-AA2E-FACA775736A8}.Debug|x86.Build.0 = Debug|x86
		{689AF24B-33F0-44E9-AA2E-FACA775736A8}.Release|Any CPU.ActiveCfg = Release|Any CPU
		{689AF24B-33F0-44E9-AA2E-FACA775736A8}.Release|Any CPU.Build.0 = Release|Any CPU
		{689AF24B-33F0-44E9-AA2E-FACA775736A8}.Release|x64.ActiveCfg = Release|x64
		{689AF24B-33F0-44E9-AA2E-FACA775736A8}.Release|x64.Build.0 = Release|x64
		{689AF24B-33F0-44E9-AA2E-FACA775736A8}.Release|x86.ActiveCfg = Release|x86
		{689AF24B-33F0-44E9-AA2E-FACA775736A8}.Release|x86.Build.0 = Release|x86
		{D0210D4B-32A8-46CA-8BA4-0703517481B4}.Debug|Any CPU.ActiveCfg = Debug|Any CPU
		{D0210D4B-32A8-46CA-8BA4-0703517481B4}.Debug|Any CPU.Build.0 = Debug|Any CPU
		{D0210D4B-32A8-46CA-8BA4-0703517481B4}.Debug|x64.ActiveCfg = Debug|x64
		{D0210D4B-32A8-46CA-8BA4-0703517481B4}.Debug|x64.Build.0 = Debug|x64
		{D0210D4B-32A8-46CA-8BA4-0703517481B4}.Debug|x86.ActiveCfg = Debug|x86
		{D0210D4B-32A8-46CA-8BA4-0703517481B4}.Debug|x86.Build.0 = Debug|x86
		{D0210D4B-32A8-46CA-8BA4-0703517481B4}.Release|Any CPU.ActiveCfg = Release|Any CPU
		{D0210D4B-32A8-46CA-8BA4-0703517481B4}.Release|Any CPU.Build.0 = Release|Any CPU
		{D0210D4B-32A8-46CA-8BA4-0703517481B4}.Release|x64.ActiveCfg = Release|x64
		{D0210D4B-32A8-46CA-8BA4-0703517481B4}.Release|x64.Build.0 = Release|x64
		{D0210D4B-32A8-46CA-8BA4-0703517481B4}.Release|x86.ActiveCfg = Release|x86
		{D0210D4B-32A8-46CA-8BA4-0703517481B4}.Release|x86.Build.0 = Release|x86
	EndGlobalSection
	GlobalSection(SolutionProperties) = preSolution
		HideSolutionNode = FALSE
	EndGlobalSection
	GlobalSection(ExtensibilityGlobals) = postSolution
		SolutionGuid = {26B80C71-1ECC-49B5-9F7F-02BED3950189}
	EndGlobalSection
EndGlobal
