
Microsoft Visual Studio Solution File, Format Version 12.00
# Visual Studio 15
VisualStudioVersion = 15.0.26730.8
MinimumVisualStudioVersion = 10.0.40219.1
Project("{9A19103F-16F7-4668-BE54-9A1E7A4F7556}") = "Sarif.Core", "Sarif\Sarif.Core.csproj", "{1AD9843D-59AC-4D48-B222-44BFA99AEC60}"
EndProject
Project("{9A19103F-16F7-4668-BE54-9A1E7A4F7556}") = "Sarif.Converters.Core", "Sarif.Converters\Sarif.Converters.Core.csproj", "{7D9C077E-3D45-494A-82DA-99B16EC21FF6}"
EndProject
Global
	GlobalSection(SolutionConfigurationPlatforms) = preSolution
		Debug|Any CPU = Debug|Any CPU
		Release|Any CPU = Release|Any CPU
	EndGlobalSection
	GlobalSection(ProjectConfigurationPlatforms) = postSolution
		{1AD9843D-59AC-4D48-B222-44BFA99AEC60}.Debug|Any CPU.ActiveCfg = Debug|Any CPU
		{1AD9843D-59AC-4D48-B222-44BFA99AEC60}.Debug|Any CPU.Build.0 = Debug|Any CPU
		{1AD9843D-59AC-4D48-B222-44BFA99AEC60}.Release|Any CPU.ActiveCfg = Release|Any CPU
		{1AD9843D-59AC-4D48-B222-44BFA99AEC60}.Release|Any CPU.Build.0 = Release|Any CPU
		{7D9C077E-3D45-494A-82DA-99B16EC21FF6}.Debug|Any CPU.ActiveCfg = Debug|Any CPU
		{7D9C077E-3D45-494A-82DA-99B16EC21FF6}.Debug|Any CPU.Build.0 = Debug|Any CPU
		{7D9C077E-3D45-494A-82DA-99B16EC21FF6}.Release|Any CPU.ActiveCfg = Release|Any CPU
		{7D9C077E-3D45-494A-82DA-99B16EC21FF6}.Release|Any CPU.Build.0 = Release|Any CPU
	EndGlobalSection
	GlobalSection(SolutionProperties) = preSolution
		HideSolutionNode = FALSE
	EndGlobalSection
	GlobalSection(ExtensibilityGlobals) = postSolution
		SolutionGuid = {D32B6222-0DE1-42C3-A39A-8BCA40FC3B1B}
	EndGlobalSection
EndGlobal
