
Microsoft Visual Studio Solution File, Format Version 12.00
# Visual Studio 15
VisualStudioVersion = 15.0.26730.8
MinimumVisualStudioVersion = 10.0.40219.1
Project("{9A19103F-16F7-4668-BE54-9A1E7A4F7556}") = "ConvertToSarif", "ConvertToSarif\ConvertToSarif.csproj", "{97D139F1-B5EC-4349-AC17-6CCA3F61C413}"
EndProject
Project("{9A19103F-16F7-4668-BE54-9A1E7A4F7556}") = "Sarif.Driver", "Sarif.Driver\Sarif.Driver.csproj", "{C06F0CF1-3505-4715-B6DA-047EC86C4308}"
EndProject
Project("{8BC9CEB8-8B4A-11D0-8D11-00A0C91BC942}") = "ConvertPREfastToSarif", "PREfastXmlSarifConverter\ConvertPREfastToSarif.vcxproj", "{58E02234-551F-487C-948C-D2C354266E83}"
EndProject
Project("{8BC9CEB8-8B4A-11D0-8D11-00A0C91BC942}") = "PREfastXmlSarifConverter", "PREfastXmlSarifConverter\PREfastXmlSarifConverter.vcxproj", "{F6727C72-C40C-4A6E-BAE0-23B4B5FE7DB1}"
EndProject
Project("{9A19103F-16F7-4668-BE54-9A1E7A4F7556}") = "Sarif.Driver.UnitTests", "Sarif.Driver.UnitTests\Sarif.Driver.UnitTests.csproj", "{DB614B0C-F7D0-41B9-BC43-7AFF04D8130C}"
EndProject
Project("{9A19103F-16F7-4668-BE54-9A1E7A4F7556}") = "Sarif.Converters.UnitTests", "Sarif.Converters.UnitTests\Sarif.Converters.UnitTests.csproj", "{EDF102ED-3959-40A2-9FB1-CBD6719F77BF}"
EndProject
Project("{9A19103F-16F7-4668-BE54-9A1E7A4F7556}") = "Sarif", "Sarif\Sarif.csproj", "{C5FC2683-47CF-447F-B5EA-9FDE0FD78754}"
EndProject
Project("{9A19103F-16F7-4668-BE54-9A1E7A4F7556}") = "Sarif.Converters", "Sarif.Converters\Sarif.Converters.csproj", "{D0D4AC36-B339-47BE-AD61-EC08A967D20C}"
EndProject
Project("{9A19103F-16F7-4668-BE54-9A1E7A4F7556}") = "Sarif.FunctionalTests", "Sarif.FunctionalTests\Sarif.FunctionalTests.csproj", "{B29BD4FA-9A17-46D1-9AA2-36F6248ADE5B}"
EndProject
Project("{9A19103F-16F7-4668-BE54-9A1E7A4F7556}") = "Sarif.UnitTests", "Sarif.UnitTests\Sarif.UnitTests.csproj", "{330F1729-2F3A-40C8-A29D-E4C3F389C46B}"
EndProject
Global
	GlobalSection(SolutionConfigurationPlatforms) = preSolution
		Debug|Any CPU = Debug|Any CPU
		Debug|x64 = Debug|x64
		Debug|x86 = Debug|x86
		Release|Any CPU = Release|Any CPU
		Release|x64 = Release|x64
		Release|x86 = Release|x86
	EndGlobalSection
	GlobalSection(ProjectConfigurationPlatforms) = postSolution
		{97D139F1-B5EC-4349-AC17-6CCA3F61C413}.Debug|Any CPU.ActiveCfg = Debug|Any CPU
		{97D139F1-B5EC-4349-AC17-6CCA3F61C413}.Debug|Any CPU.Build.0 = Debug|Any CPU
		{97D139F1-B5EC-4349-AC17-6CCA3F61C413}.Debug|x64.ActiveCfg = Debug|Any CPU
		{97D139F1-B5EC-4349-AC17-6CCA3F61C413}.Debug|x64.Build.0 = Debug|Any CPU
		{97D139F1-B5EC-4349-AC17-6CCA3F61C413}.Debug|x86.ActiveCfg = Debug|Any CPU
		{97D139F1-B5EC-4349-AC17-6CCA3F61C413}.Debug|x86.Build.0 = Debug|Any CPU
		{97D139F1-B5EC-4349-AC17-6CCA3F61C413}.Release|Any CPU.ActiveCfg = Release|Any CPU
		{97D139F1-B5EC-4349-AC17-6CCA3F61C413}.Release|Any CPU.Build.0 = Release|Any CPU
		{97D139F1-B5EC-4349-AC17-6CCA3F61C413}.Release|x64.ActiveCfg = Release|Any CPU
		{97D139F1-B5EC-4349-AC17-6CCA3F61C413}.Release|x64.Build.0 = Release|Any CPU
		{97D139F1-B5EC-4349-AC17-6CCA3F61C413}.Release|x86.ActiveCfg = Release|Any CPU
		{97D139F1-B5EC-4349-AC17-6CCA3F61C413}.Release|x86.Build.0 = Release|Any CPU
		{C06F0CF1-3505-4715-B6DA-047EC86C4308}.Debug|Any CPU.ActiveCfg = Debug|Any CPU
		{C06F0CF1-3505-4715-B6DA-047EC86C4308}.Debug|Any CPU.Build.0 = Debug|Any CPU
		{C06F0CF1-3505-4715-B6DA-047EC86C4308}.Debug|x64.ActiveCfg = Debug|Any CPU
		{C06F0CF1-3505-4715-B6DA-047EC86C4308}.Debug|x64.Build.0 = Debug|Any CPU
		{C06F0CF1-3505-4715-B6DA-047EC86C4308}.Debug|x86.ActiveCfg = Debug|Any CPU
		{C06F0CF1-3505-4715-B6DA-047EC86C4308}.Debug|x86.Build.0 = Debug|Any CPU
		{C06F0CF1-3505-4715-B6DA-047EC86C4308}.Release|Any CPU.ActiveCfg = Release|Any CPU
		{C06F0CF1-3505-4715-B6DA-047EC86C4308}.Release|Any CPU.Build.0 = Release|Any CPU
		{C06F0CF1-3505-4715-B6DA-047EC86C4308}.Release|x64.ActiveCfg = Release|Any CPU
		{C06F0CF1-3505-4715-B6DA-047EC86C4308}.Release|x64.Build.0 = Release|Any CPU
		{C06F0CF1-3505-4715-B6DA-047EC86C4308}.Release|x86.ActiveCfg = Release|Any CPU
		{C06F0CF1-3505-4715-B6DA-047EC86C4308}.Release|x86.Build.0 = Release|Any CPU
		{58E02234-551F-487C-948C-D2C354266E83}.Debug|Any CPU.ActiveCfg = Debug|Win32
		{58E02234-551F-487C-948C-D2C354266E83}.Debug|x64.ActiveCfg = Debug|x64
		{58E02234-551F-487C-948C-D2C354266E83}.Debug|x64.Build.0 = Debug|x64
		{58E02234-551F-487C-948C-D2C354266E83}.Debug|x86.ActiveCfg = Debug|Win32
		{58E02234-551F-487C-948C-D2C354266E83}.Debug|x86.Build.0 = Debug|Win32
		{58E02234-551F-487C-948C-D2C354266E83}.Release|Any CPU.ActiveCfg = Release|Win32
		{58E02234-551F-487C-948C-D2C354266E83}.Release|x64.ActiveCfg = Release|x64
		{58E02234-551F-487C-948C-D2C354266E83}.Release|x64.Build.0 = Release|x64
		{58E02234-551F-487C-948C-D2C354266E83}.Release|x86.ActiveCfg = Release|Win32
		{58E02234-551F-487C-948C-D2C354266E83}.Release|x86.Build.0 = Release|Win32
		{F6727C72-C40C-4A6E-BAE0-23B4B5FE7DB1}.Debug|Any CPU.ActiveCfg = Debug|Win32
		{F6727C72-C40C-4A6E-BAE0-23B4B5FE7DB1}.Debug|x64.ActiveCfg = Debug|x64
		{F6727C72-C40C-4A6E-BAE0-23B4B5FE7DB1}.Debug|x64.Build.0 = Debug|x64
		{F6727C72-C40C-4A6E-BAE0-23B4B5FE7DB1}.Debug|x86.ActiveCfg = Debug|Win32
		{F6727C72-C40C-4A6E-BAE0-23B4B5FE7DB1}.Debug|x86.Build.0 = Debug|Win32
		{F6727C72-C40C-4A6E-BAE0-23B4B5FE7DB1}.Release|Any CPU.ActiveCfg = Release|Win32
		{F6727C72-C40C-4A6E-BAE0-23B4B5FE7DB1}.Release|x64.ActiveCfg = Release|x64
		{F6727C72-C40C-4A6E-BAE0-23B4B5FE7DB1}.Release|x64.Build.0 = Release|x64
		{F6727C72-C40C-4A6E-BAE0-23B4B5FE7DB1}.Release|x86.ActiveCfg = Release|Win32
		{F6727C72-C40C-4A6E-BAE0-23B4B5FE7DB1}.Release|x86.Build.0 = Release|Win32
		{DB614B0C-F7D0-41B9-BC43-7AFF04D8130C}.Debug|Any CPU.ActiveCfg = Debug|Any CPU
		{DB614B0C-F7D0-41B9-BC43-7AFF04D8130C}.Debug|Any CPU.Build.0 = Debug|Any CPU
		{DB614B0C-F7D0-41B9-BC43-7AFF04D8130C}.Debug|x64.ActiveCfg = Debug|Any CPU
		{DB614B0C-F7D0-41B9-BC43-7AFF04D8130C}.Debug|x64.Build.0 = Debug|Any CPU
		{DB614B0C-F7D0-41B9-BC43-7AFF04D8130C}.Debug|x86.ActiveCfg = Debug|Any CPU
		{DB614B0C-F7D0-41B9-BC43-7AFF04D8130C}.Debug|x86.Build.0 = Debug|Any CPU
		{DB614B0C-F7D0-41B9-BC43-7AFF04D8130C}.Release|Any CPU.ActiveCfg = Release|Any CPU
		{DB614B0C-F7D0-41B9-BC43-7AFF04D8130C}.Release|Any CPU.Build.0 = Release|Any CPU
		{DB614B0C-F7D0-41B9-BC43-7AFF04D8130C}.Release|x64.ActiveCfg = Release|Any CPU
		{DB614B0C-F7D0-41B9-BC43-7AFF04D8130C}.Release|x64.Build.0 = Release|Any CPU
		{DB614B0C-F7D0-41B9-BC43-7AFF04D8130C}.Release|x86.ActiveCfg = Release|Any CPU
		{DB614B0C-F7D0-41B9-BC43-7AFF04D8130C}.Release|x86.Build.0 = Release|Any CPU
		{EDF102ED-3959-40A2-9FB1-CBD6719F77BF}.Debug|Any CPU.ActiveCfg = Debug|Any CPU
		{EDF102ED-3959-40A2-9FB1-CBD6719F77BF}.Debug|Any CPU.Build.0 = Debug|Any CPU
		{EDF102ED-3959-40A2-9FB1-CBD6719F77BF}.Debug|x64.ActiveCfg = Debug|Any CPU
		{EDF102ED-3959-40A2-9FB1-CBD6719F77BF}.Debug|x64.Build.0 = Debug|Any CPU
		{EDF102ED-3959-40A2-9FB1-CBD6719F77BF}.Debug|x86.ActiveCfg = Debug|Any CPU
		{EDF102ED-3959-40A2-9FB1-CBD6719F77BF}.Debug|x86.Build.0 = Debug|Any CPU
		{EDF102ED-3959-40A2-9FB1-CBD6719F77BF}.Release|Any CPU.ActiveCfg = Release|Any CPU
		{EDF102ED-3959-40A2-9FB1-CBD6719F77BF}.Release|Any CPU.Build.0 = Release|Any CPU
		{EDF102ED-3959-40A2-9FB1-CBD6719F77BF}.Release|x64.ActiveCfg = Release|Any CPU
		{EDF102ED-3959-40A2-9FB1-CBD6719F77BF}.Release|x64.Build.0 = Release|Any CPU
		{EDF102ED-3959-40A2-9FB1-CBD6719F77BF}.Release|x86.ActiveCfg = Release|Any CPU
		{EDF102ED-3959-40A2-9FB1-CBD6719F77BF}.Release|x86.Build.0 = Release|Any CPU
		{C5FC2683-47CF-447F-B5EA-9FDE0FD78754}.Debug|Any CPU.ActiveCfg = Debug|Any CPU
		{C5FC2683-47CF-447F-B5EA-9FDE0FD78754}.Debug|Any CPU.Build.0 = Debug|Any CPU
		{C5FC2683-47CF-447F-B5EA-9FDE0FD78754}.Debug|x64.ActiveCfg = Debug|Any CPU
		{C5FC2683-47CF-447F-B5EA-9FDE0FD78754}.Debug|x64.Build.0 = Debug|Any CPU
		{C5FC2683-47CF-447F-B5EA-9FDE0FD78754}.Debug|x86.ActiveCfg = Debug|Any CPU
		{C5FC2683-47CF-447F-B5EA-9FDE0FD78754}.Debug|x86.Build.0 = Debug|Any CPU
		{C5FC2683-47CF-447F-B5EA-9FDE0FD78754}.Release|Any CPU.ActiveCfg = Release|Any CPU
		{C5FC2683-47CF-447F-B5EA-9FDE0FD78754}.Release|Any CPU.Build.0 = Release|Any CPU
		{C5FC2683-47CF-447F-B5EA-9FDE0FD78754}.Release|x64.ActiveCfg = Release|Any CPU
		{C5FC2683-47CF-447F-B5EA-9FDE0FD78754}.Release|x64.Build.0 = Release|Any CPU
		{C5FC2683-47CF-447F-B5EA-9FDE0FD78754}.Release|x86.ActiveCfg = Release|Any CPU
		{C5FC2683-47CF-447F-B5EA-9FDE0FD78754}.Release|x86.Build.0 = Release|Any CPU
		{D0D4AC36-B339-47BE-AD61-EC08A967D20C}.Debug|Any CPU.ActiveCfg = Debug|Any CPU
		{D0D4AC36-B339-47BE-AD61-EC08A967D20C}.Debug|Any CPU.Build.0 = Debug|Any CPU
		{D0D4AC36-B339-47BE-AD61-EC08A967D20C}.Debug|x64.ActiveCfg = Debug|Any CPU
		{D0D4AC36-B339-47BE-AD61-EC08A967D20C}.Debug|x64.Build.0 = Debug|Any CPU
		{D0D4AC36-B339-47BE-AD61-EC08A967D20C}.Debug|x86.ActiveCfg = Debug|Any CPU
		{D0D4AC36-B339-47BE-AD61-EC08A967D20C}.Debug|x86.Build.0 = Debug|Any CPU
		{D0D4AC36-B339-47BE-AD61-EC08A967D20C}.Release|Any CPU.ActiveCfg = Release|Any CPU
		{D0D4AC36-B339-47BE-AD61-EC08A967D20C}.Release|Any CPU.Build.0 = Release|Any CPU
		{D0D4AC36-B339-47BE-AD61-EC08A967D20C}.Release|x64.ActiveCfg = Release|Any CPU
		{D0D4AC36-B339-47BE-AD61-EC08A967D20C}.Release|x64.Build.0 = Release|Any CPU
		{D0D4AC36-B339-47BE-AD61-EC08A967D20C}.Release|x86.ActiveCfg = Release|Any CPU
		{D0D4AC36-B339-47BE-AD61-EC08A967D20C}.Release|x86.Build.0 = Release|Any CPU
		{B29BD4FA-9A17-46D1-9AA2-36F6248ADE5B}.Debug|Any CPU.ActiveCfg = Debug|Any CPU
		{B29BD4FA-9A17-46D1-9AA2-36F6248ADE5B}.Debug|Any CPU.Build.0 = Debug|Any CPU
		{B29BD4FA-9A17-46D1-9AA2-36F6248ADE5B}.Debug|x64.ActiveCfg = Debug|Any CPU
		{B29BD4FA-9A17-46D1-9AA2-36F6248ADE5B}.Debug|x64.Build.0 = Debug|Any CPU
		{B29BD4FA-9A17-46D1-9AA2-36F6248ADE5B}.Debug|x86.ActiveCfg = Debug|Any CPU
		{B29BD4FA-9A17-46D1-9AA2-36F6248ADE5B}.Debug|x86.Build.0 = Debug|Any CPU
		{B29BD4FA-9A17-46D1-9AA2-36F6248ADE5B}.Release|Any CPU.ActiveCfg = Release|Any CPU
		{B29BD4FA-9A17-46D1-9AA2-36F6248ADE5B}.Release|Any CPU.Build.0 = Release|Any CPU
		{B29BD4FA-9A17-46D1-9AA2-36F6248ADE5B}.Release|x64.ActiveCfg = Release|Any CPU
		{B29BD4FA-9A17-46D1-9AA2-36F6248ADE5B}.Release|x64.Build.0 = Release|Any CPU
		{B29BD4FA-9A17-46D1-9AA2-36F6248ADE5B}.Release|x86.ActiveCfg = Release|Any CPU
		{B29BD4FA-9A17-46D1-9AA2-36F6248ADE5B}.Release|x86.Build.0 = Release|Any CPU
		{330F1729-2F3A-40C8-A29D-E4C3F389C46B}.Debug|Any CPU.ActiveCfg = Debug|Any CPU
		{330F1729-2F3A-40C8-A29D-E4C3F389C46B}.Debug|Any CPU.Build.0 = Debug|Any CPU
		{330F1729-2F3A-40C8-A29D-E4C3F389C46B}.Debug|x64.ActiveCfg = Debug|Any CPU
		{330F1729-2F3A-40C8-A29D-E4C3F389C46B}.Debug|x64.Build.0 = Debug|Any CPU
		{330F1729-2F3A-40C8-A29D-E4C3F389C46B}.Debug|x86.ActiveCfg = Debug|Any CPU
		{330F1729-2F3A-40C8-A29D-E4C3F389C46B}.Debug|x86.Build.0 = Debug|Any CPU
		{330F1729-2F3A-40C8-A29D-E4C3F389C46B}.Release|Any CPU.ActiveCfg = Release|Any CPU
		{330F1729-2F3A-40C8-A29D-E4C3F389C46B}.Release|Any CPU.Build.0 = Release|Any CPU
		{330F1729-2F3A-40C8-A29D-E4C3F389C46B}.Release|x64.ActiveCfg = Release|Any CPU
		{330F1729-2F3A-40C8-A29D-E4C3F389C46B}.Release|x64.Build.0 = Release|Any CPU
		{330F1729-2F3A-40C8-A29D-E4C3F389C46B}.Release|x86.ActiveCfg = Release|Any CPU
		{330F1729-2F3A-40C8-A29D-E4C3F389C46B}.Release|x86.Build.0 = Release|Any CPU
	EndGlobalSection
	GlobalSection(SolutionProperties) = preSolution
		HideSolutionNode = FALSE
	EndGlobalSection
	GlobalSection(ExtensibilityGlobals) = postSolution
		SolutionGuid = {D32B6222-0DE1-42C3-A39A-8BCA40FC3B1B}
	EndGlobalSection
EndGlobal
