Microsoft Visual Studio Solution File, Format Version 12.00
# Visual Studio 15
VisualStudioVersion = 15.0.27130.2010
MinimumVisualStudioVersion = 15.0.26124.0
Project("{9A19103F-16F7-4668-BE54-9A1E7A4F7556}") = "Sarif", "Sarif\Sarif.csproj", "{47010491-7FC3-4063-94AA-833A99CC9352}"
EndProject
Project("{9A19103F-16F7-4668-BE54-9A1E7A4F7556}") = "Sarif.Converters", "Sarif.Converters\Sarif.Converters.csproj", "{C2976A60-1EF1-4D8D-961A-8DA254AB1768}"
EndProject
Project("{9A19103F-16F7-4668-BE54-9A1E7A4F7556}") = "Sarif.Driver", "Sarif.Driver\Sarif.Driver.csproj", "{31AE1EC3-8019-476A-B728-399B17BFE240}"
EndProject
Project("{9A19103F-16F7-4668-BE54-9A1E7A4F7556}") = "Sarif.TestUtilities", "Sarif.TestUtilities\Sarif.TestUtilities.csproj", "{7FBD344C-9584-415B-B3B2-EB42F628BCF3}"
EndProject
Project("{9A19103F-16F7-4668-BE54-9A1E7A4F7556}") = "Sarif.UnitTests", "Sarif.UnitTests\Sarif.UnitTests.csproj", "{BA21EDA4-3981-47B2-8840-8DFE4169A641}"
EndProject
Project("{9A19103F-16F7-4668-BE54-9A1E7A4F7556}") = "Sarif.Converters.UnitTests", "Sarif.Converters.UnitTests\Sarif.Converters.UnitTests.csproj", "{848A1288-BD16-4E54-8D0F-B365F4AFBD63}"
EndProject
Project("{9A19103F-16F7-4668-BE54-9A1E7A4F7556}") = "Sarif.Driver.UnitTests", "Sarif.Driver.UnitTests\Sarif.Driver.UnitTests.csproj", "{9EF5CE70-E3A3-42AA-B2AE-23492EE75CF4}"
EndProject
Project("{9A19103F-16F7-4668-BE54-9A1E7A4F7556}") = "Sarif.ValidationTests", "Sarif.ValidationTests\Sarif.ValidationTests.csproj", "{BA9D9990-AE04-48A8-B0D7-2351223D970F}"
EndProject
Project("{9A19103F-16F7-4668-BE54-9A1E7A4F7556}") = "Sarif.Multitool", "Sarif.Multitool\Sarif.Multitool.csproj", "{51E011C0-B1A8-4314-9E79-46214C351A35}"
EndProject
Project("{9A19103F-16F7-4668-BE54-9A1E7A4F7556}") = "Sarif.FunctionalTests", "Sarif.FunctionalTests\Sarif.FunctionalTests.csproj", "{F64DB517-7369-46DE-81BA-7F97B1748CD1}"
EndProject
Project("{9A19103F-16F7-4668-BE54-9A1E7A4F7556}") = "Sarif.Multitool.FunctionalTests", "Sarif.Multitool.FunctionalTests\Sarif.Multitool.FunctionalTests.csproj", "{859920F3-DB09-4C1D-9EAD-DFB1D7A03A46}"
EndProject
Project("{2150E333-8FDC-42A3-9474-1A3956D46DE8}") = "root", "root", "{BBDE0751-B8A3-4EA6-A3DF-3CE7BA41EA0F}"
	ProjectSection(SolutionItems) = preProject
		..\.gitattributes = ..\.gitattributes
		..\.gitignore = ..\.gitignore
		..\appveyor.yml = ..\appveyor.yml
		..\BuildAndTest.cmd = ..\BuildAndTest.cmd
		..\BuildPackagesFromLayoutDirectory.cmd = ..\BuildPackagesFromLayoutDirectory.cmd
		..\DelistCurrentPackages.cmd = ..\DelistCurrentPackages.cmd
		..\dotnet-install.ps1 = ..\dotnet-install.ps1
		..\LICENSE = ..\LICENSE
		..\NuGet.Config = ..\NuGet.Config
		..\PublishSignedPackages.cmd = ..\PublishSignedPackages.cmd
		..\README.md = ..\README.md
		..\RunTests.cmd = ..\RunTests.cmd
		..\triskelion.png = ..\triskelion.png
	EndProjectSection
EndProject
Project("{2150E333-8FDC-42A3-9474-1A3956D46DE8}") = "scripts", "scripts", "{9CEE4119-25C6-4331-8DB6-C53462DDEA47}"
	ProjectSection(SolutionItems) = preProject
		..\scripts\BeforeBuild.ps1 = ..\scripts\BeforeBuild.ps1
		..\scripts\BuildAndTest.ps1 = ..\scripts\BuildAndTest.ps1
		..\scripts\BuildPackagesFromSigningDirectory.ps1 = ..\scripts\BuildPackagesFromSigningDirectory.ps1
		..\scripts\DelistCurrentPackages.ps1 = ..\scripts\DelistCurrentPackages.ps1
		..\scripts\Get-VersionConstants.ps1 = ..\scripts\Get-VersionConstants.ps1
		..\scripts\New-VersionConstantsFile.ps1 = ..\scripts\New-VersionConstantsFile.ps1
		..\scripts\NuGetUtilities.psm1 = ..\scripts\NuGetUtilities.psm1
		..\scripts\Projects.psm1 = ..\scripts\Projects.psm1
		..\scripts\RegistrySettings.ps1 = ..\scripts\RegistrySettings.ps1
		..\scripts\Run-Tests.ps1 = ..\scripts\Run-Tests.ps1
		..\scripts\ScriptUtilities.psm1 = ..\scripts\ScriptUtilities.psm1
	EndProjectSection
EndProject
Project("{2150E333-8FDC-42A3-9474-1A3956D46DE8}") = "src", "src", "{90E0CA8D-0D63-4576-8E77-D9FD4D0D28BA}"
	ProjectSection(SolutionItems) = preProject
		BinSkim.targets = BinSkim.targets
		BinSkimConfiguration.xml = BinSkimConfiguration.xml
		build.props = build.props
		CommonAssemblyInfo.cs = CommonAssemblyInfo.cs
		NuGet.Config = NuGet.Config
		ReleaseHistory.md = ReleaseHistory.md
	EndProjectSection
EndProject
Project("{9A19103F-16F7-4668-BE54-9A1E7A4F7556}") = "Sarif.Multitool.UnitTests", "Sarif.Multitool.UnitTests\Sarif.Multitool.UnitTests.csproj", "{706D3D4B-B669-496A-B4C2-7B9E91C4E684}"
EndProject
Global
	GlobalSection(SolutionConfigurationPlatforms) = preSolution
		Debug|Any CPU = Debug|Any CPU
		Debug|x64 = Debug|x64
		Debug|x86 = Debug|x86
		Release|Any CPU = Release|Any CPU
		Release|x64 = Release|x64
		Release|x86 = Release|x86
	EndGlobalSection
	GlobalSection(ProjectConfigurationPlatforms) = postSolution
		{47010491-7FC3-4063-94AA-833A99CC9352}.Debug|Any CPU.ActiveCfg = Debug|Any CPU
		{47010491-7FC3-4063-94AA-833A99CC9352}.Debug|Any CPU.Build.0 = Debug|Any CPU
		{47010491-7FC3-4063-94AA-833A99CC9352}.Debug|x64.ActiveCfg = Debug|Any CPU
		{47010491-7FC3-4063-94AA-833A99CC9352}.Debug|x64.Build.0 = Debug|Any CPU
		{47010491-7FC3-4063-94AA-833A99CC9352}.Debug|x86.ActiveCfg = Debug|Any CPU
		{47010491-7FC3-4063-94AA-833A99CC9352}.Debug|x86.Build.0 = Debug|Any CPU
		{47010491-7FC3-4063-94AA-833A99CC9352}.Release|Any CPU.ActiveCfg = Release|Any CPU
		{47010491-7FC3-4063-94AA-833A99CC9352}.Release|Any CPU.Build.0 = Release|Any CPU
		{47010491-7FC3-4063-94AA-833A99CC9352}.Release|x64.ActiveCfg = Release|Any CPU
		{47010491-7FC3-4063-94AA-833A99CC9352}.Release|x64.Build.0 = Release|Any CPU
		{47010491-7FC3-4063-94AA-833A99CC9352}.Release|x86.ActiveCfg = Release|Any CPU
		{47010491-7FC3-4063-94AA-833A99CC9352}.Release|x86.Build.0 = Release|Any CPU
		{C2976A60-1EF1-4D8D-961A-8DA254AB1768}.Debug|Any CPU.ActiveCfg = Debug|Any CPU
		{C2976A60-1EF1-4D8D-961A-8DA254AB1768}.Debug|Any CPU.Build.0 = Debug|Any CPU
		{C2976A60-1EF1-4D8D-961A-8DA254AB1768}.Debug|x64.ActiveCfg = Debug|Any CPU
		{C2976A60-1EF1-4D8D-961A-8DA254AB1768}.Debug|x64.Build.0 = Debug|Any CPU
		{C2976A60-1EF1-4D8D-961A-8DA254AB1768}.Debug|x86.ActiveCfg = Debug|Any CPU
		{C2976A60-1EF1-4D8D-961A-8DA254AB1768}.Debug|x86.Build.0 = Debug|Any CPU
		{C2976A60-1EF1-4D8D-961A-8DA254AB1768}.Release|Any CPU.ActiveCfg = Release|Any CPU
		{C2976A60-1EF1-4D8D-961A-8DA254AB1768}.Release|Any CPU.Build.0 = Release|Any CPU
		{C2976A60-1EF1-4D8D-961A-8DA254AB1768}.Release|x64.ActiveCfg = Release|Any CPU
		{C2976A60-1EF1-4D8D-961A-8DA254AB1768}.Release|x64.Build.0 = Release|Any CPU
		{C2976A60-1EF1-4D8D-961A-8DA254AB1768}.Release|x86.ActiveCfg = Release|Any CPU
		{C2976A60-1EF1-4D8D-961A-8DA254AB1768}.Release|x86.Build.0 = Release|Any CPU
		{31AE1EC3-8019-476A-B728-399B17BFE240}.Debug|Any CPU.ActiveCfg = Debug|Any CPU
		{31AE1EC3-8019-476A-B728-399B17BFE240}.Debug|Any CPU.Build.0 = Debug|Any CPU
		{31AE1EC3-8019-476A-B728-399B17BFE240}.Debug|x64.ActiveCfg = Debug|Any CPU
		{31AE1EC3-8019-476A-B728-399B17BFE240}.Debug|x64.Build.0 = Debug|Any CPU
		{31AE1EC3-8019-476A-B728-399B17BFE240}.Debug|x86.ActiveCfg = Debug|Any CPU
		{31AE1EC3-8019-476A-B728-399B17BFE240}.Debug|x86.Build.0 = Debug|Any CPU
		{31AE1EC3-8019-476A-B728-399B17BFE240}.Release|Any CPU.ActiveCfg = Release|Any CPU
		{31AE1EC3-8019-476A-B728-399B17BFE240}.Release|Any CPU.Build.0 = Release|Any CPU
		{31AE1EC3-8019-476A-B728-399B17BFE240}.Release|x64.ActiveCfg = Release|Any CPU
		{31AE1EC3-8019-476A-B728-399B17BFE240}.Release|x64.Build.0 = Release|Any CPU
		{31AE1EC3-8019-476A-B728-399B17BFE240}.Release|x86.ActiveCfg = Release|Any CPU
		{31AE1EC3-8019-476A-B728-399B17BFE240}.Release|x86.Build.0 = Release|Any CPU
		{7FBD344C-9584-415B-B3B2-EB42F628BCF3}.Debug|Any CPU.ActiveCfg = Debug|Any CPU
		{7FBD344C-9584-415B-B3B2-EB42F628BCF3}.Debug|Any CPU.Build.0 = Debug|Any CPU
		{7FBD344C-9584-415B-B3B2-EB42F628BCF3}.Debug|x64.ActiveCfg = Debug|Any CPU
		{7FBD344C-9584-415B-B3B2-EB42F628BCF3}.Debug|x64.Build.0 = Debug|Any CPU
		{7FBD344C-9584-415B-B3B2-EB42F628BCF3}.Debug|x86.ActiveCfg = Debug|Any CPU
		{7FBD344C-9584-415B-B3B2-EB42F628BCF3}.Debug|x86.Build.0 = Debug|Any CPU
		{7FBD344C-9584-415B-B3B2-EB42F628BCF3}.Release|Any CPU.ActiveCfg = Release|Any CPU
		{7FBD344C-9584-415B-B3B2-EB42F628BCF3}.Release|Any CPU.Build.0 = Release|Any CPU
		{7FBD344C-9584-415B-B3B2-EB42F628BCF3}.Release|x64.ActiveCfg = Release|Any CPU
		{7FBD344C-9584-415B-B3B2-EB42F628BCF3}.Release|x64.Build.0 = Release|Any CPU
		{7FBD344C-9584-415B-B3B2-EB42F628BCF3}.Release|x86.ActiveCfg = Release|Any CPU
		{7FBD344C-9584-415B-B3B2-EB42F628BCF3}.Release|x86.Build.0 = Release|Any CPU
		{BA21EDA4-3981-47B2-8840-8DFE4169A641}.Debug|Any CPU.ActiveCfg = Debug|Any CPU
		{BA21EDA4-3981-47B2-8840-8DFE4169A641}.Debug|Any CPU.Build.0 = Debug|Any CPU
		{BA21EDA4-3981-47B2-8840-8DFE4169A641}.Debug|x64.ActiveCfg = Debug|Any CPU
		{BA21EDA4-3981-47B2-8840-8DFE4169A641}.Debug|x64.Build.0 = Debug|Any CPU
		{BA21EDA4-3981-47B2-8840-8DFE4169A641}.Debug|x86.ActiveCfg = Debug|Any CPU
		{BA21EDA4-3981-47B2-8840-8DFE4169A641}.Debug|x86.Build.0 = Debug|Any CPU
		{BA21EDA4-3981-47B2-8840-8DFE4169A641}.Release|Any CPU.ActiveCfg = Release|Any CPU
		{BA21EDA4-3981-47B2-8840-8DFE4169A641}.Release|Any CPU.Build.0 = Release|Any CPU
		{BA21EDA4-3981-47B2-8840-8DFE4169A641}.Release|x64.ActiveCfg = Release|Any CPU
		{BA21EDA4-3981-47B2-8840-8DFE4169A641}.Release|x64.Build.0 = Release|Any CPU
		{BA21EDA4-3981-47B2-8840-8DFE4169A641}.Release|x86.ActiveCfg = Release|Any CPU
		{BA21EDA4-3981-47B2-8840-8DFE4169A641}.Release|x86.Build.0 = Release|Any CPU
		{848A1288-BD16-4E54-8D0F-B365F4AFBD63}.Debug|Any CPU.ActiveCfg = Debug|Any CPU
		{848A1288-BD16-4E54-8D0F-B365F4AFBD63}.Debug|Any CPU.Build.0 = Debug|Any CPU
		{848A1288-BD16-4E54-8D0F-B365F4AFBD63}.Debug|x64.ActiveCfg = Debug|Any CPU
		{848A1288-BD16-4E54-8D0F-B365F4AFBD63}.Debug|x64.Build.0 = Debug|Any CPU
		{848A1288-BD16-4E54-8D0F-B365F4AFBD63}.Debug|x86.ActiveCfg = Debug|Any CPU
		{848A1288-BD16-4E54-8D0F-B365F4AFBD63}.Debug|x86.Build.0 = Debug|Any CPU
		{848A1288-BD16-4E54-8D0F-B365F4AFBD63}.Release|Any CPU.ActiveCfg = Release|Any CPU
		{848A1288-BD16-4E54-8D0F-B365F4AFBD63}.Release|Any CPU.Build.0 = Release|Any CPU
		{848A1288-BD16-4E54-8D0F-B365F4AFBD63}.Release|x64.ActiveCfg = Release|Any CPU
		{848A1288-BD16-4E54-8D0F-B365F4AFBD63}.Release|x64.Build.0 = Release|Any CPU
		{848A1288-BD16-4E54-8D0F-B365F4AFBD63}.Release|x86.ActiveCfg = Release|Any CPU
		{848A1288-BD16-4E54-8D0F-B365F4AFBD63}.Release|x86.Build.0 = Release|Any CPU
		{9EF5CE70-E3A3-42AA-B2AE-23492EE75CF4}.Debug|Any CPU.ActiveCfg = Debug|Any CPU
		{9EF5CE70-E3A3-42AA-B2AE-23492EE75CF4}.Debug|Any CPU.Build.0 = Debug|Any CPU
		{9EF5CE70-E3A3-42AA-B2AE-23492EE75CF4}.Debug|x64.ActiveCfg = Debug|Any CPU
		{9EF5CE70-E3A3-42AA-B2AE-23492EE75CF4}.Debug|x64.Build.0 = Debug|Any CPU
		{9EF5CE70-E3A3-42AA-B2AE-23492EE75CF4}.Debug|x86.ActiveCfg = Debug|Any CPU
		{9EF5CE70-E3A3-42AA-B2AE-23492EE75CF4}.Debug|x86.Build.0 = Debug|Any CPU
		{9EF5CE70-E3A3-42AA-B2AE-23492EE75CF4}.Release|Any CPU.ActiveCfg = Release|Any CPU
		{9EF5CE70-E3A3-42AA-B2AE-23492EE75CF4}.Release|Any CPU.Build.0 = Release|Any CPU
		{9EF5CE70-E3A3-42AA-B2AE-23492EE75CF4}.Release|x64.ActiveCfg = Release|Any CPU
		{9EF5CE70-E3A3-42AA-B2AE-23492EE75CF4}.Release|x64.Build.0 = Release|Any CPU
		{9EF5CE70-E3A3-42AA-B2AE-23492EE75CF4}.Release|x86.ActiveCfg = Release|Any CPU
		{9EF5CE70-E3A3-42AA-B2AE-23492EE75CF4}.Release|x86.Build.0 = Release|Any CPU
		{BA9D9990-AE04-48A8-B0D7-2351223D970F}.Debug|Any CPU.ActiveCfg = Debug|Any CPU
		{BA9D9990-AE04-48A8-B0D7-2351223D970F}.Debug|Any CPU.Build.0 = Debug|Any CPU
		{BA9D9990-AE04-48A8-B0D7-2351223D970F}.Debug|x64.ActiveCfg = Debug|Any CPU
		{BA9D9990-AE04-48A8-B0D7-2351223D970F}.Debug|x64.Build.0 = Debug|Any CPU
		{BA9D9990-AE04-48A8-B0D7-2351223D970F}.Debug|x86.ActiveCfg = Debug|Any CPU
		{BA9D9990-AE04-48A8-B0D7-2351223D970F}.Debug|x86.Build.0 = Debug|Any CPU
		{BA9D9990-AE04-48A8-B0D7-2351223D970F}.Release|Any CPU.ActiveCfg = Release|Any CPU
		{BA9D9990-AE04-48A8-B0D7-2351223D970F}.Release|Any CPU.Build.0 = Release|Any CPU
		{BA9D9990-AE04-48A8-B0D7-2351223D970F}.Release|x64.ActiveCfg = Release|Any CPU
		{BA9D9990-AE04-48A8-B0D7-2351223D970F}.Release|x64.Build.0 = Release|Any CPU
		{BA9D9990-AE04-48A8-B0D7-2351223D970F}.Release|x86.ActiveCfg = Release|Any CPU
		{BA9D9990-AE04-48A8-B0D7-2351223D970F}.Release|x86.Build.0 = Release|Any CPU
		{51E011C0-B1A8-4314-9E79-46214C351A35}.Debug|Any CPU.ActiveCfg = Debug|Any CPU
		{51E011C0-B1A8-4314-9E79-46214C351A35}.Debug|Any CPU.Build.0 = Debug|Any CPU
		{51E011C0-B1A8-4314-9E79-46214C351A35}.Debug|x64.ActiveCfg = Debug|Any CPU
		{51E011C0-B1A8-4314-9E79-46214C351A35}.Debug|x64.Build.0 = Debug|Any CPU
		{51E011C0-B1A8-4314-9E79-46214C351A35}.Debug|x86.ActiveCfg = Debug|Any CPU
		{51E011C0-B1A8-4314-9E79-46214C351A35}.Debug|x86.Build.0 = Debug|Any CPU
		{51E011C0-B1A8-4314-9E79-46214C351A35}.Release|Any CPU.ActiveCfg = Release|Any CPU
		{51E011C0-B1A8-4314-9E79-46214C351A35}.Release|Any CPU.Build.0 = Release|Any CPU
		{51E011C0-B1A8-4314-9E79-46214C351A35}.Release|x64.ActiveCfg = Release|Any CPU
		{51E011C0-B1A8-4314-9E79-46214C351A35}.Release|x64.Build.0 = Release|Any CPU
		{51E011C0-B1A8-4314-9E79-46214C351A35}.Release|x86.ActiveCfg = Release|Any CPU
		{51E011C0-B1A8-4314-9E79-46214C351A35}.Release|x86.Build.0 = Release|Any CPU
		{F64DB517-7369-46DE-81BA-7F97B1748CD1}.Debug|Any CPU.ActiveCfg = Debug|Any CPU
		{F64DB517-7369-46DE-81BA-7F97B1748CD1}.Debug|Any CPU.Build.0 = Debug|Any CPU
		{F64DB517-7369-46DE-81BA-7F97B1748CD1}.Debug|x64.ActiveCfg = Debug|Any CPU
		{F64DB517-7369-46DE-81BA-7F97B1748CD1}.Debug|x64.Build.0 = Debug|Any CPU
		{F64DB517-7369-46DE-81BA-7F97B1748CD1}.Debug|x86.ActiveCfg = Debug|Any CPU
		{F64DB517-7369-46DE-81BA-7F97B1748CD1}.Debug|x86.Build.0 = Debug|Any CPU
		{F64DB517-7369-46DE-81BA-7F97B1748CD1}.Release|Any CPU.ActiveCfg = Release|Any CPU
		{F64DB517-7369-46DE-81BA-7F97B1748CD1}.Release|Any CPU.Build.0 = Release|Any CPU
		{F64DB517-7369-46DE-81BA-7F97B1748CD1}.Release|x64.ActiveCfg = Release|Any CPU
		{F64DB517-7369-46DE-81BA-7F97B1748CD1}.Release|x64.Build.0 = Release|Any CPU
		{F64DB517-7369-46DE-81BA-7F97B1748CD1}.Release|x86.ActiveCfg = Release|Any CPU
		{F64DB517-7369-46DE-81BA-7F97B1748CD1}.Release|x86.Build.0 = Release|Any CPU
		{859920F3-DB09-4C1D-9EAD-DFB1D7A03A46}.Debug|Any CPU.ActiveCfg = Debug|Any CPU
		{859920F3-DB09-4C1D-9EAD-DFB1D7A03A46}.Debug|Any CPU.Build.0 = Debug|Any CPU
		{859920F3-DB09-4C1D-9EAD-DFB1D7A03A46}.Debug|x64.ActiveCfg = Debug|Any CPU
		{859920F3-DB09-4C1D-9EAD-DFB1D7A03A46}.Debug|x64.Build.0 = Debug|Any CPU
		{859920F3-DB09-4C1D-9EAD-DFB1D7A03A46}.Debug|x86.ActiveCfg = Debug|Any CPU
		{859920F3-DB09-4C1D-9EAD-DFB1D7A03A46}.Debug|x86.Build.0 = Debug|Any CPU
		{859920F3-DB09-4C1D-9EAD-DFB1D7A03A46}.Release|Any CPU.ActiveCfg = Release|Any CPU
		{859920F3-DB09-4C1D-9EAD-DFB1D7A03A46}.Release|Any CPU.Build.0 = Release|Any CPU
		{859920F3-DB09-4C1D-9EAD-DFB1D7A03A46}.Release|x64.ActiveCfg = Release|Any CPU
		{859920F3-DB09-4C1D-9EAD-DFB1D7A03A46}.Release|x64.Build.0 = Release|Any CPU
		{859920F3-DB09-4C1D-9EAD-DFB1D7A03A46}.Release|x86.ActiveCfg = Release|Any CPU
		{859920F3-DB09-4C1D-9EAD-DFB1D7A03A46}.Release|x86.Build.0 = Release|Any CPU
		{706D3D4B-B669-496A-B4C2-7B9E91C4E684}.Debug|Any CPU.ActiveCfg = Debug|Any CPU
		{706D3D4B-B669-496A-B4C2-7B9E91C4E684}.Debug|Any CPU.Build.0 = Debug|Any CPU
		{706D3D4B-B669-496A-B4C2-7B9E91C4E684}.Debug|x64.ActiveCfg = Debug|Any CPU
		{706D3D4B-B669-496A-B4C2-7B9E91C4E684}.Debug|x64.Build.0 = Debug|Any CPU
		{706D3D4B-B669-496A-B4C2-7B9E91C4E684}.Debug|x86.ActiveCfg = Debug|Any CPU
		{706D3D4B-B669-496A-B4C2-7B9E91C4E684}.Debug|x86.Build.0 = Debug|Any CPU
		{706D3D4B-B669-496A-B4C2-7B9E91C4E684}.Release|Any CPU.ActiveCfg = Release|Any CPU
		{706D3D4B-B669-496A-B4C2-7B9E91C4E684}.Release|Any CPU.Build.0 = Release|Any CPU
		{706D3D4B-B669-496A-B4C2-7B9E91C4E684}.Release|x64.ActiveCfg = Release|Any CPU
		{706D3D4B-B669-496A-B4C2-7B9E91C4E684}.Release|x64.Build.0 = Release|Any CPU
		{706D3D4B-B669-496A-B4C2-7B9E91C4E684}.Release|x86.ActiveCfg = Release|Any CPU
		{706D3D4B-B669-496A-B4C2-7B9E91C4E684}.Release|x86.Build.0 = Release|Any CPU
	EndGlobalSection
	GlobalSection(SolutionProperties) = preSolution
		HideSolutionNode = FALSE
	EndGlobalSection
	GlobalSection(NestedProjects) = preSolution
		{9CEE4119-25C6-4331-8DB6-C53462DDEA47} = {BBDE0751-B8A3-4EA6-A3DF-3CE7BA41EA0F}
		{90E0CA8D-0D63-4576-8E77-D9FD4D0D28BA} = {BBDE0751-B8A3-4EA6-A3DF-3CE7BA41EA0F}
	EndGlobalSection
	GlobalSection(ExtensibilityGlobals) = postSolution
		SolutionGuid = {9EFA21E3-70A0-467C-9D1F-D5AD0DC1C1E6}
	EndGlobalSection
EndGlobal
