
Microsoft Visual Studio Solution File, Format Version 12.00
# Visual Studio 15
VisualStudioVersion = 15.0.26730.8
MinimumVisualStudioVersion = 10.0.40219.1
Project("{FAE04EC0-301F-11D3-BF4B-00C04F79EFBC}") = "Sarif.Viewer.VisualStudio", "Sarif.Viewer.VisualStudio\Sarif.Viewer.VisualStudio.csproj", "{FEBE7A56-524C-4B76-A899-23DBD8951C23}"
EndProject
Project("{FAE04EC0-301F-11D3-BF4B-00C04F79EFBC}") = "Sarif.Viewer.VisualStudio.UnitTests", "Sarif.Viewer.VisualStudio.UnitTests\Sarif.Viewer.VisualStudio.UnitTests.csproj", "{D0210D4B-32A8-46CA-8BA4-0703517481B4}"
EndProject
Project("{2150E333-8FDC-42A3-9474-1A3956D46DE8}") = "Solution Items", "Solution Items", "{2D702C24-103A-4561-8D86-62DBB2831900}"
	ProjectSection(SolutionItems) = preProject
		..\appveyor.yml = ..\appveyor.yml
		..\BeforeBuild.cmd = ..\BeforeBuild.cmd
		build.common.props = build.common.props
		build.props = build.props
		..\BuildAndTest.cmd = ..\BuildAndTest.cmd
		..\RunUnitTests.ps1 = ..\RunUnitTests.ps1
	EndProjectSection
EndProject
Global
	GlobalSection(SolutionConfigurationPlatforms) = preSolution
		Debug|AnyCPU = Debug|AnyCPU
		Debug|x64 = Debug|x64
		Debug|x86 = Debug|x86
		Release|AnyCPU = Release|AnyCPU
		Release|x64 = Release|x64
		Release|x86 = Release|x86
	EndGlobalSection
	GlobalSection(ProjectConfigurationPlatforms) = postSolution
		{FEBE7A56-524C-4B76-A899-23DBD8951C23}.Debug|AnyCPU.ActiveCfg = Debug|Any CPU
		{FEBE7A56-524C-4B76-A899-23DBD8951C23}.Debug|AnyCPU.Build.0 = Debug|Any CPU
		{FEBE7A56-524C-4B76-A899-23DBD8951C23}.Debug|x64.ActiveCfg = Debug|x64
		{FEBE7A56-524C-4B76-A899-23DBD8951C23}.Debug|x64.Build.0 = Debug|x64
		{FEBE7A56-524C-4B76-A899-23DBD8951C23}.Debug|x86.ActiveCfg = Debug|x86
		{FEBE7A56-524C-4B76-A899-23DBD8951C23}.Debug|x86.Build.0 = Debug|x86
		{FEBE7A56-524C-4B76-A899-23DBD8951C23}.Release|AnyCPU.ActiveCfg = Release|Any CPU
		{FEBE7A56-524C-4B76-A899-23DBD8951C23}.Release|AnyCPU.Build.0 = Release|Any CPU
		{FEBE7A56-524C-4B76-A899-23DBD8951C23}.Release|x64.ActiveCfg = Release|x64
		{FEBE7A56-524C-4B76-A899-23DBD8951C23}.Release|x64.Build.0 = Release|x64
		{FEBE7A56-524C-4B76-A899-23DBD8951C23}.Release|x86.ActiveCfg = Release|x86
		{FEBE7A56-524C-4B76-A899-23DBD8951C23}.Release|x86.Build.0 = Release|x86
		{D0210D4B-32A8-46CA-8BA4-0703517481B4}.Debug|AnyCPU.ActiveCfg = Debug|Any CPU
		{D0210D4B-32A8-46CA-8BA4-0703517481B4}.Debug|AnyCPU.Build.0 = Debug|Any CPU
		{D0210D4B-32A8-46CA-8BA4-0703517481B4}.Debug|x64.ActiveCfg = Debug|x64
		{D0210D4B-32A8-46CA-8BA4-0703517481B4}.Debug|x64.Build.0 = Debug|x64
		{D0210D4B-32A8-46CA-8BA4-0703517481B4}.Debug|x86.ActiveCfg = Debug|x86
		{D0210D4B-32A8-46CA-8BA4-0703517481B4}.Debug|x86.Build.0 = Debug|x86
		{D0210D4B-32A8-46CA-8BA4-0703517481B4}.Release|AnyCPU.ActiveCfg = Release|Any CPU
		{D0210D4B-32A8-46CA-8BA4-0703517481B4}.Release|AnyCPU.Build.0 = Release|Any CPU
		{D0210D4B-32A8-46CA-8BA4-0703517481B4}.Release|x64.ActiveCfg = Release|x64
		{D0210D4B-32A8-46CA-8BA4-0703517481B4}.Release|x64.Build.0 = Release|x64
		{D0210D4B-32A8-46CA-8BA4-0703517481B4}.Release|x86.ActiveCfg = Release|x86
		{D0210D4B-32A8-46CA-8BA4-0703517481B4}.Release|x86.Build.0 = Release|x86
	EndGlobalSection
	GlobalSection(SolutionProperties) = preSolution
		HideSolutionNode = FALSE
	EndGlobalSection
	GlobalSection(ExtensibilityGlobals) = postSolution
		SolutionGuid = {767E843F-A395-4BD3-9275-69B35841770B}
	EndGlobalSection
EndGlobal
