
Microsoft Visual Studio Solution File, Format Version 12.00
# Visual Studio 15
VisualStudioVersion = 15.0.28307.645
MinimumVisualStudioVersion = 10.0.40219.1
Project("{FAE04EC0-301F-11D3-BF4B-00C04F79EFBC}") = "SarifTrim", "SarifTrim.csproj", "{41D504E0-7EAD-4C7A-9A4B-BF2C36C48AA4}"
EndProject
Project("{9A19103F-16F7-4668-BE54-9A1E7A4F7556}") = "Sarif", "..\..\Sarif\Sarif.csproj", "{0CC85900-476C-4094-8364-82BCC2A33EEA}"
EndProject
Global
	GlobalSection(SolutionConfigurationPlatforms) = preSolution
		Debug|Any CPU = Debug|Any CPU
		Release|Any CPU = Release|Any CPU
	EndGlobalSection
	GlobalSection(ProjectConfigurationPlatforms) = postSolution
		{41D504E0-7EAD-4C7A-9A4B-BF2C36C48AA4}.Debug|Any CPU.ActiveCfg = Debug|Any CPU
		{41D504E0-7EAD-4C7A-9A4B-BF2C36C48AA4}.Debug|Any CPU.Build.0 = Debug|Any CPU
		{41D504E0-7EAD-4C7A-9A4B-BF2C36C48AA4}.Release|Any CPU.ActiveCfg = Release|Any CPU
		{41D504E0-7EAD-4C7A-9A4B-BF2C36C48AA4}.Release|Any CPU.Build.0 = Release|Any CPU
		{0CC85900-476C-4094-8364-82BCC2A33EEA}.Debug|Any CPU.ActiveCfg = Debug|Any CPU
		{0CC85900-476C-4094-8364-82BCC2A33EEA}.Debug|Any CPU.Build.0 = Debug|Any CPU
		{0CC85900-476C-4094-8364-82BCC2A33EEA}.Release|Any CPU.ActiveCfg = Release|Any CPU
		{0CC85900-476C-4094-8364-82BCC2A33EEA}.Release|Any CPU.Build.0 = Release|Any CPU
	EndGlobalSection
	GlobalSection(SolutionProperties) = preSolution
		HideSolutionNode = FALSE
	EndGlobalSection
	GlobalSection(ExtensibilityGlobals) = postSolution
		SolutionGuid = {08E2D1EA-54DB-42BE-B638-2B173150EB5B}
	EndGlobalSection
EndGlobal
