
Microsoft Visual Studio Solution File, Format Version 12.00
# Visual Studio 15
VisualStudioVersion = 15.0.28307.136
MinimumVisualStudioVersion = 10.0.40219.1
Project("{FAE04EC0-301F-11D3-BF4B-00C04F79EFBC}") = "SarifToCsv", "SarifToCsv.csproj", "{D308471E-C9BE-4A41-B3A8-1BB04B22F6E7}"
EndProject
Project("{9A19103F-16F7-4668-BE54-9A1E7A4F7556}") = "Sarif", "..\..\Sarif\Sarif.csproj", "{1C2242DF-9C7B-445A-89F3-71946A37A9B1}"
EndProject
Global
	GlobalSection(SolutionConfigurationPlatforms) = preSolution
		Debug|Any CPU = Debug|Any CPU
		Release|Any CPU = Release|Any CPU
	EndGlobalSection
	GlobalSection(ProjectConfigurationPlatforms) = postSolution
		{D308471E-C9BE-4A41-B3A8-1BB04B22F6E7}.Debug|Any CPU.ActiveCfg = Debug|Any CPU
		{D308471E-C9BE-4A41-B3A8-1BB04B22F6E7}.Debug|Any CPU.Build.0 = Debug|Any CPU
		{D308471E-C9BE-4A41-B3A8-1BB04B22F6E7}.Release|Any CPU.ActiveCfg = Release|Any CPU
		{D308471E-C9BE-4A41-B3A8-1BB04B22F6E7}.Release|Any CPU.Build.0 = Release|Any CPU
		{1C2242DF-9C7B-445A-89F3-71946A37A9B1}.Debug|Any CPU.ActiveCfg = Debug|Any CPU
		{1C2242DF-9C7B-445A-89F3-71946A37A9B1}.Debug|Any CPU.Build.0 = Debug|Any CPU
		{1C2242DF-9C7B-445A-89F3-71946A37A9B1}.Release|Any CPU.ActiveCfg = Release|Any CPU
		{1C2242DF-9C7B-445A-89F3-71946A37A9B1}.Release|Any CPU.Build.0 = Release|Any CPU
	EndGlobalSection
	GlobalSection(SolutionProperties) = preSolution
		HideSolutionNode = FALSE
	EndGlobalSection
	GlobalSection(ExtensibilityGlobals) = postSolution
		SolutionGuid = {5DE3AE4B-8D29-4E46-90A4-C17C59B9EFCA}
	EndGlobalSection
EndGlobal
